
Microsoft Visual Studio Solution File, Format Version 12.00
# Visual Studio Version 16
VisualStudioVersion = 16.0.30711.63
MinimumVisualStudioVersion = 10.0.40219.1
Project("{9A19103F-16F7-4668-BE54-9A1E7A4F7556}") = "Gardener.Enums", "Gardener.Enums\Gardener.Enums.csproj", "{3BA60BC9-FEF2-4B5D-A0F5-929ADA6877C5}"
EndProject
Project("{9A19103F-16F7-4668-BE54-9A1E7A4F7556}") = "Gardener.Core.Entites", "Gardener.Core.Entites\Gardener.Core.Entites.csproj", "{17547171-E52F-42DD-8E3D-033C4DFF3014}"
EndProject
Project("{9A19103F-16F7-4668-BE54-9A1E7A4F7556}") = "Gardener.Common", "Gardener.Common\Gardener.Common.csproj", "{0B058AEA-D786-4C4F-AED9-CDB8DB777487}"
EndProject
Project("{9A19103F-16F7-4668-BE54-9A1E7A4F7556}") = "Gardener.Core", "Gardener.Core\Gardener.Core.csproj", "{5C483C0B-C24C-4974-B7C6-9EED876C2E72}"
EndProject
Project("{9A19103F-16F7-4668-BE54-9A1E7A4F7556}") = "Gardener.Database.Migrations", "Gardener.Database.Migrations\Gardener.Database.Migrations.csproj", "{C9A77E12-E540-46DC-AF70-73DC2BC9E8BB}"
EndProject
Project("{9A19103F-16F7-4668-BE54-9A1E7A4F7556}") = "Gardener.EntityFramwork.Core", "Gardener.EntityFramwork.Core\Gardener.EntityFramwork.Core.csproj", "{8F84D01E-A8A9-460A-9941-F5B5BE323911}"
EndProject
Project("{9A19103F-16F7-4668-BE54-9A1E7A4F7556}") = "Gardener.Web.Core", "Gardener.Web.Core\Gardener.Web.Core.csproj", "{016965EC-B34D-4456-9E49-AC5757AFD547}"
EndProject
Project("{9A19103F-16F7-4668-BE54-9A1E7A4F7556}") = "Gardener.Web.Entry", "Gardener.Web.Entry\Gardener.Web.Entry.csproj", "{C7AA362F-58CC-432A-93A8-40F93634FC18}"
EndProject
Project("{9A19103F-16F7-4668-BE54-9A1E7A4F7556}") = "Gardener.Application.Dtos", "Gardener.Application.Dtos\Gardener.Application.Dtos.csproj", "{9AF0A780-C646-448A-B0E6-A51F79219F4F}"
EndProject
Project("{9A19103F-16F7-4668-BE54-9A1E7A4F7556}") = "Gardener.Application", "Gardener.Application\Gardener.Application.csproj", "{617FBD47-040F-4459-9558-99479F64B238}"
EndProject
Global
	GlobalSection(SolutionConfigurationPlatforms) = preSolution
		Debug|Any CPU = Debug|Any CPU
		Release|Any CPU = Release|Any CPU
	EndGlobalSection
	GlobalSection(ProjectConfigurationPlatforms) = postSolution
		{3BA60BC9-FEF2-4B5D-A0F5-929ADA6877C5}.Debug|Any CPU.ActiveCfg = Debug|Any CPU
		{3BA60BC9-FEF2-4B5D-A0F5-929ADA6877C5}.Debug|Any CPU.Build.0 = Debug|Any CPU
		{3BA60BC9-FEF2-4B5D-A0F5-929ADA6877C5}.Release|Any CPU.ActiveCfg = Release|Any CPU
		{3BA60BC9-FEF2-4B5D-A0F5-929ADA6877C5}.Release|Any CPU.Build.0 = Release|Any CPU
		{17547171-E52F-42DD-8E3D-033C4DFF3014}.Debug|Any CPU.ActiveCfg = Debug|Any CPU
		{17547171-E52F-42DD-8E3D-033C4DFF3014}.Debug|Any CPU.Build.0 = Debug|Any CPU
		{17547171-E52F-42DD-8E3D-033C4DFF3014}.Release|Any CPU.ActiveCfg = Release|Any CPU
		{17547171-E52F-42DD-8E3D-033C4DFF3014}.Release|Any CPU.Build.0 = Release|Any CPU
		{0B058AEA-D786-4C4F-AED9-CDB8DB777487}.Debug|Any CPU.ActiveCfg = Debug|Any CPU
		{0B058AEA-D786-4C4F-AED9-CDB8DB777487}.Debug|Any CPU.Build.0 = Debug|Any CPU
		{0B058AEA-D786-4C4F-AED9-CDB8DB777487}.Release|Any CPU.ActiveCfg = Release|Any CPU
		{0B058AEA-D786-4C4F-AED9-CDB8DB777487}.Release|Any CPU.Build.0 = Release|Any CPU
		{5C483C0B-C24C-4974-B7C6-9EED876C2E72}.Debug|Any CPU.ActiveCfg = Debug|Any CPU
		{5C483C0B-C24C-4974-B7C6-9EED876C2E72}.Debug|Any CPU.Build.0 = Debug|Any CPU
		{5C483C0B-C24C-4974-B7C6-9EED876C2E72}.Release|Any CPU.ActiveCfg = Release|Any CPU
		{5C483C0B-C24C-4974-B7C6-9EED876C2E72}.Release|Any CPU.Build.0 = Release|Any CPU
		{C9A77E12-E540-46DC-AF70-73DC2BC9E8BB}.Debug|Any CPU.ActiveCfg = Debug|Any CPU
		{C9A77E12-E540-46DC-AF70-73DC2BC9E8BB}.Debug|Any CPU.Build.0 = Debug|Any CPU
		{C9A77E12-E540-46DC-AF70-73DC2BC9E8BB}.Release|Any CPU.ActiveCfg = Release|Any CPU
		{C9A77E12-E540-46DC-AF70-73DC2BC9E8BB}.Release|Any CPU.Build.0 = Release|Any CPU
		{8F84D01E-A8A9-460A-9941-F5B5BE323911}.Debug|Any CPU.ActiveCfg = Debug|Any CPU
		{8F84D01E-A8A9-460A-9941-F5B5BE323911}.Debug|Any CPU.Build.0 = Debug|Any CPU
		{8F84D01E-A8A9-460A-9941-F5B5BE323911}.Release|Any CPU.ActiveCfg = Release|Any CPU
		{8F84D01E-A8A9-460A-9941-F5B5BE323911}.Release|Any CPU.Build.0 = Release|Any CPU
		{016965EC-B34D-4456-9E49-AC5757AFD547}.Debug|Any CPU.ActiveCfg = Debug|Any CPU
		{016965EC-B34D-4456-9E49-AC5757AFD547}.Debug|Any CPU.Build.0 = Debug|Any CPU
		{016965EC-B34D-4456-9E49-AC5757AFD547}.Release|Any CPU.ActiveCfg = Release|Any CPU
		{016965EC-B34D-4456-9E49-AC5757AFD547}.Release|Any CPU.Build.0 = Release|Any CPU
		{C7AA362F-58CC-432A-93A8-40F93634FC18}.Debug|Any CPU.ActiveCfg = Debug|Any CPU
		{C7AA362F-58CC-432A-93A8-40F93634FC18}.Debug|Any CPU.Build.0 = Debug|Any CPU
		{C7AA362F-58CC-432A-93A8-40F93634FC18}.Release|Any CPU.ActiveCfg = Release|Any CPU
		{C7AA362F-58CC-432A-93A8-40F93634FC18}.Release|Any CPU.Build.0 = Release|Any CPU
		{9AF0A780-C646-448A-B0E6-A51F79219F4F}.Debug|Any CPU.ActiveCfg = Debug|Any CPU
		{9AF0A780-C646-448A-B0E6-A51F79219F4F}.Debug|Any CPU.Build.0 = Debug|Any CPU
		{9AF0A780-C646-448A-B0E6-A51F79219F4F}.Release|Any CPU.ActiveCfg = Release|Any CPU
		{9AF0A780-C646-448A-B0E6-A51F79219F4F}.Release|Any CPU.Build.0 = Release|Any CPU
		{617FBD47-040F-4459-9558-99479F64B238}.Debug|Any CPU.ActiveCfg = Debug|Any CPU
		{617FBD47-040F-4459-9558-99479F64B238}.Debug|Any CPU.Build.0 = Debug|Any CPU
		{617FBD47-040F-4459-9558-99479F64B238}.Release|Any CPU.ActiveCfg = Release|Any CPU
		{617FBD47-040F-4459-9558-99479F64B238}.Release|Any CPU.Build.0 = Release|Any CPU
	EndGlobalSection
	GlobalSection(SolutionProperties) = preSolution
		HideSolutionNode = FALSE
	EndGlobalSection
	GlobalSection(ExtensibilityGlobals) = postSolution
		SolutionGuid = {4BB294B6-BF59-4D87-B08A-E446F643971F}
	EndGlobalSection
EndGlobal
