
Microsoft Visual Studio Solution File, Format Version 12.00
# Visual Studio Version 16
VisualStudioVersion = 16.0.30509.190
MinimumVisualStudioVersion = 10.0.40219.1
Project("{9A19103F-16F7-4668-BE54-9A1E7A4F7556}") = "Gardener.Core", "Gardener.Core\Gardener.Core.csproj", "{AFDF4E7E-04DD-4A79-9579-640A11E7FE5E}"
EndProject
Project("{9A19103F-16F7-4668-BE54-9A1E7A4F7556}") = "Gardener.Application", "Gardener.Application\Gardener.Application.csproj", "{9D9EA94E-2E2A-4758-93AC-0641A8CB0589}"
EndProject
Project("{9A19103F-16F7-4668-BE54-9A1E7A4F7556}") = "Gardener.EntityFramwork.Core", "Gardener.EntityFramwork.Core\Gardener.EntityFramwork.Core.csproj", "{FC4BBD5B-54F2-437F-BC5F-D920ABD5F975}"
EndProject
Project("{9A19103F-16F7-4668-BE54-9A1E7A4F7556}") = "Gardener.Database.Migrations", "Gardener.Database.Migrations\Gardener.Database.Migrations.csproj", "{983B1D9D-5EB7-4D96-BB55-71991F026E67}"
EndProject
Project("{9A19103F-16F7-4668-BE54-9A1E7A4F7556}") = "Gardener.Web.Core", "Gardener.Web.Core\Gardener.Web.Core.csproj", "{6A3A5F1F-2859-4D5A-8BF8-51E9C51B009F}"
EndProject
Project("{9A19103F-16F7-4668-BE54-9A1E7A4F7556}") = "Gardener.Web.Entry", "Gardener.Web.Entry\Gardener.Web.Entry.csproj", "{BA4F7D79-4C0D-44F8-9D71-1A9B6DB39162}"
EndProject
Project("{2150E333-8FDC-42A3-9474-1A3956D46DE8}") = "Solution Items", "Solution Items", "{EA9636A6-4B2B-4D1F-BC9E-DB1BF95412CA}"
	ProjectSection(SolutionItems) = preProject
		.editorconfig = .editorconfig
	EndProjectSection
EndProject
Project("{9A19103F-16F7-4668-BE54-9A1E7A4F7556}") = "Gardener.Common", "Gardener.Common\Gardener.Common.csproj", "{6757D85C-531C-4094-9D4F-0CB4AF0D3B75}"
EndProject
Project("{2150E333-8FDC-42A3-9474-1A3956D46DE8}") = "UI", "UI", "{9754F9BF-F97C-428A-B522-7489EA0D431C}"
EndProject
Project("{9A19103F-16F7-4668-BE54-9A1E7A4F7556}") = "Gardener.Client", "Gardener.Client\Gardener.Client.csproj", "{7D9124C7-A8C0-4074-9498-41B8C726DFCF}"
EndProject
Project("{9A19103F-16F7-4668-BE54-9A1E7A4F7556}") = "Gardener.ClientHost", "Gardener.ClientHost\Gardener.ClientHost.csproj", "{205AFD86-B25F-45C4-A0C1-24FA8E56A70C}"
EndProject
Project("{9A19103F-16F7-4668-BE54-9A1E7A4F7556}") = "Gardener.Application.Dtos", "Gardener.Application.Dtos\Gardener.Application.Dtos.csproj", "{06AC88D2-C39D-48F2-AEB0-9C7A7B1BB7E1}"
EndProject
Project("{9A19103F-16F7-4668-BE54-9A1E7A4F7556}") = "Gardener.Core.Enums", "Gardener.Core.Enums\Gardener.Core.Enums.csproj", "{0529CA27-BA46-4082-B207-E295455CC919}"
EndProject
Project("{9A19103F-16F7-4668-BE54-9A1E7A4F7556}") = "Gardener.Core.Entites", "Gardener.Core.Entites\Gardener.Core.Entites.csproj", "{C539F60C-2CCE-427B-A9EA-1B74BE6A29AB}"
EndProject
Global
	GlobalSection(SolutionConfigurationPlatforms) = preSolution
		Debug|Any CPU = Debug|Any CPU
		Release|Any CPU = Release|Any CPU
	EndGlobalSection
	GlobalSection(ProjectConfigurationPlatforms) = postSolution
		{AFDF4E7E-04DD-4A79-9579-640A11E7FE5E}.Debug|Any CPU.ActiveCfg = Debug|Any CPU
		{AFDF4E7E-04DD-4A79-9579-640A11E7FE5E}.Debug|Any CPU.Build.0 = Debug|Any CPU
		{AFDF4E7E-04DD-4A79-9579-640A11E7FE5E}.Release|Any CPU.ActiveCfg = Release|Any CPU
		{AFDF4E7E-04DD-4A79-9579-640A11E7FE5E}.Release|Any CPU.Build.0 = Release|Any CPU
		{9D9EA94E-2E2A-4758-93AC-0641A8CB0589}.Debug|Any CPU.ActiveCfg = Debug|Any CPU
		{9D9EA94E-2E2A-4758-93AC-0641A8CB0589}.Debug|Any CPU.Build.0 = Debug|Any CPU
		{9D9EA94E-2E2A-4758-93AC-0641A8CB0589}.Release|Any CPU.ActiveCfg = Release|Any CPU
		{9D9EA94E-2E2A-4758-93AC-0641A8CB0589}.Release|Any CPU.Build.0 = Release|Any CPU
		{FC4BBD5B-54F2-437F-BC5F-D920ABD5F975}.Debug|Any CPU.ActiveCfg = Debug|Any CPU
		{FC4BBD5B-54F2-437F-BC5F-D920ABD5F975}.Debug|Any CPU.Build.0 = Debug|Any CPU
		{FC4BBD5B-54F2-437F-BC5F-D920ABD5F975}.Release|Any CPU.ActiveCfg = Release|Any CPU
		{FC4BBD5B-54F2-437F-BC5F-D920ABD5F975}.Release|Any CPU.Build.0 = Release|Any CPU
		{983B1D9D-5EB7-4D96-BB55-71991F026E67}.Debug|Any CPU.ActiveCfg = Debug|Any CPU
		{983B1D9D-5EB7-4D96-BB55-71991F026E67}.Debug|Any CPU.Build.0 = Debug|Any CPU
		{983B1D9D-5EB7-4D96-BB55-71991F026E67}.Release|Any CPU.ActiveCfg = Release|Any CPU
		{983B1D9D-5EB7-4D96-BB55-71991F026E67}.Release|Any CPU.Build.0 = Release|Any CPU
		{6A3A5F1F-2859-4D5A-8BF8-51E9C51B009F}.Debug|Any CPU.ActiveCfg = Debug|Any CPU
		{6A3A5F1F-2859-4D5A-8BF8-51E9C51B009F}.Debug|Any CPU.Build.0 = Debug|Any CPU
		{6A3A5F1F-2859-4D5A-8BF8-51E9C51B009F}.Release|Any CPU.ActiveCfg = Release|Any CPU
		{6A3A5F1F-2859-4D5A-8BF8-51E9C51B009F}.Release|Any CPU.Build.0 = Release|Any CPU
		{BA4F7D79-4C0D-44F8-9D71-1A9B6DB39162}.Debug|Any CPU.ActiveCfg = Debug|Any CPU
		{BA4F7D79-4C0D-44F8-9D71-1A9B6DB39162}.Debug|Any CPU.Build.0 = Debug|Any CPU
		{BA4F7D79-4C0D-44F8-9D71-1A9B6DB39162}.Release|Any CPU.ActiveCfg = Release|Any CPU
		{BA4F7D79-4C0D-44F8-9D71-1A9B6DB39162}.Release|Any CPU.Build.0 = Release|Any CPU
		{6757D85C-531C-4094-9D4F-0CB4AF0D3B75}.Debug|Any CPU.ActiveCfg = Debug|Any CPU
		{6757D85C-531C-4094-9D4F-0CB4AF0D3B75}.Debug|Any CPU.Build.0 = Debug|Any CPU
		{6757D85C-531C-4094-9D4F-0CB4AF0D3B75}.Release|Any CPU.ActiveCfg = Release|Any CPU
		{6757D85C-531C-4094-9D4F-0CB4AF0D3B75}.Release|Any CPU.Build.0 = Release|Any CPU
		{7D9124C7-A8C0-4074-9498-41B8C726DFCF}.Debug|Any CPU.ActiveCfg = Debug|Any CPU
		{7D9124C7-A8C0-4074-9498-41B8C726DFCF}.Debug|Any CPU.Build.0 = Debug|Any CPU
		{7D9124C7-A8C0-4074-9498-41B8C726DFCF}.Release|Any CPU.ActiveCfg = Release|Any CPU
		{7D9124C7-A8C0-4074-9498-41B8C726DFCF}.Release|Any CPU.Build.0 = Release|Any CPU
		{205AFD86-B25F-45C4-A0C1-24FA8E56A70C}.Debug|Any CPU.ActiveCfg = Debug|Any CPU
		{205AFD86-B25F-45C4-A0C1-24FA8E56A70C}.Debug|Any CPU.Build.0 = Debug|Any CPU
		{205AFD86-B25F-45C4-A0C1-24FA8E56A70C}.Release|Any CPU.ActiveCfg = Release|Any CPU
		{205AFD86-B25F-45C4-A0C1-24FA8E56A70C}.Release|Any CPU.Build.0 = Release|Any CPU
		{06AC88D2-C39D-48F2-AEB0-9C7A7B1BB7E1}.Debug|Any CPU.ActiveCfg = Debug|Any CPU
		{06AC88D2-C39D-48F2-AEB0-9C7A7B1BB7E1}.Debug|Any CPU.Build.0 = Debug|Any CPU
		{06AC88D2-C39D-48F2-AEB0-9C7A7B1BB7E1}.Release|Any CPU.ActiveCfg = Release|Any CPU
		{06AC88D2-C39D-48F2-AEB0-9C7A7B1BB7E1}.Release|Any CPU.Build.0 = Release|Any CPU
		{0529CA27-BA46-4082-B207-E295455CC919}.Debug|Any CPU.ActiveCfg = Debug|Any CPU
		{0529CA27-BA46-4082-B207-E295455CC919}.Debug|Any CPU.Build.0 = Debug|Any CPU
		{0529CA27-BA46-4082-B207-E295455CC919}.Release|Any CPU.ActiveCfg = Release|Any CPU
		{0529CA27-BA46-4082-B207-E295455CC919}.Release|Any CPU.Build.0 = Release|Any CPU
		{C539F60C-2CCE-427B-A9EA-1B74BE6A29AB}.Debug|Any CPU.ActiveCfg = Debug|Any CPU
		{C539F60C-2CCE-427B-A9EA-1B74BE6A29AB}.Debug|Any CPU.Build.0 = Debug|Any CPU
		{C539F60C-2CCE-427B-A9EA-1B74BE6A29AB}.Release|Any CPU.ActiveCfg = Release|Any CPU
		{C539F60C-2CCE-427B-A9EA-1B74BE6A29AB}.Release|Any CPU.Build.0 = Release|Any CPU
	EndGlobalSection
	GlobalSection(SolutionProperties) = preSolution
		HideSolutionNode = FALSE
	EndGlobalSection
	GlobalSection(NestedProjects) = preSolution
		{7D9124C7-A8C0-4074-9498-41B8C726DFCF} = {9754F9BF-F97C-428A-B522-7489EA0D431C}
		{205AFD86-B25F-45C4-A0C1-24FA8E56A70C} = {9754F9BF-F97C-428A-B522-7489EA0D431C}
	EndGlobalSection
	GlobalSection(ExtensibilityGlobals) = postSolution
		SolutionGuid = {FF1C593C-9C6B-4CB9-B84F-AC322F851BD1}
	EndGlobalSection
EndGlobal
