
Microsoft Visual Studio Solution File, Format Version 12.00
# Visual Studio Version 17
VisualStudioVersion = 17.5.33402.96
MinimumVisualStudioVersion = 10.0.40219.1
Project("{2150E333-8FDC-42A3-9474-1A3956D46DE8}") = "Api", "Api", "{371CA3DB-DD4F-4564-A14C-83BF9EB1E58F}"
EndProject
Project("{2150E333-8FDC-42A3-9474-1A3956D46DE8}") = "Client", "Client", "{F123E72C-3E88-4536-B208-F44CBF80817B}"
EndProject
Project("{2150E333-8FDC-42A3-9474-1A3956D46DE8}") = "Common", "Common", "{BBBDC8C7-17B5-403F-BDA6-0090C29E48E4}"
EndProject
Project("{2150E333-8FDC-42A3-9474-1A3956D46DE8}") = "Modules", "Modules", "{3286622B-B797-474B-8975-30242B042689}"
EndProject
Project("{2150E333-8FDC-42A3-9474-1A3956D46DE8}") = "Framework", "Framework", "{08D32FE5-4548-4C51-9D6E-68BDB2CE112E}"
EndProject
Project("{2150E333-8FDC-42A3-9474-1A3956D46DE8}") = "UserCenter", "UserCenter", "{B1A74656-4FBF-406A-B4AF-0FC2274B9930}"
EndProject
Project("{9A19103F-16F7-4668-BE54-9A1E7A4F7556}") = "Gardener.Attributes", "Common\Gardener.Attributes\Gardener.Attributes.csproj", "{005BB872-50EF-4DF8-A164-FB0082AB41F6}"
EndProject
Project("{9A19103F-16F7-4668-BE54-9A1E7A4F7556}") = "Gardener.Enums", "Common\Gardener.Enums\Gardener.Enums.csproj", "{F3E8B292-8906-44C7-9366-11F92C9FD524}"
EndProject
Project("{9A19103F-16F7-4668-BE54-9A1E7A4F7556}") = "Gardener.Common", "Common\Gardener.Common\Gardener.Common.csproj", "{FB8A793F-8AA1-431E-AE76-B3BCE535F607}"
EndProject
Project("{9A19103F-16F7-4668-BE54-9A1E7A4F7556}") = "Gardener", "Modules\Framework\Gardener\Gardener.csproj", "{E9C986B7-3FB7-499B-BE77-3A320727D3C1}"
EndProject
Project("{9A19103F-16F7-4668-BE54-9A1E7A4F7556}") = "Gardener.Attachment", "Modules\Framework\Gardener.Attachment\Gardener.Attachment.csproj", "{6D6A867E-9242-4BBD-8575-2D49AC2CBF7D}"
EndProject
Project("{9A19103F-16F7-4668-BE54-9A1E7A4F7556}") = "Gardener.Attachment.Client", "Modules\Framework\Gardener.Attachment.Client\Gardener.Attachment.Client.csproj", "{E96A265E-DBDA-4569-B8E9-BC123F4EA05F}"
EndProject
Project("{9A19103F-16F7-4668-BE54-9A1E7A4F7556}") = "Gardener.Audit", "Modules\Framework\Gardener.Audit\Gardener.Audit.csproj", "{CA2A6FBA-02F1-4E26-BE50-EACC77552F36}"
EndProject
Project("{9A19103F-16F7-4668-BE54-9A1E7A4F7556}") = "Gardener.Audit.Client", "Modules\Framework\Gardener.Audit.Client\Gardener.Audit.Client.csproj", "{BDAE5DD3-5269-475E-A16E-C478AA5C39F9}"
EndProject
Project("{9A19103F-16F7-4668-BE54-9A1E7A4F7556}") = "Gardener.Authentication", "Modules\Framework\Gardener.Authentication\Gardener.Authentication.csproj", "{93DF71D0-B502-45CA-BA82-449C096A8681}"
EndProject
Project("{9A19103F-16F7-4668-BE54-9A1E7A4F7556}") = "Gardener.Authentication.Client", "Modules\Framework\Gardener.Authentication.Client\Gardener.Authentication.Client.csproj", "{911908D3-DAEE-45E6-944D-5E8C3A45AA52}"
EndProject
Project("{9A19103F-16F7-4668-BE54-9A1E7A4F7556}") = "Gardener.Authorization", "Modules\Framework\Gardener.Authorization\Gardener.Authorization.csproj", "{19D784DB-69CC-40A2-A2AC-87804A5EB7ED}"
EndProject
Project("{9A19103F-16F7-4668-BE54-9A1E7A4F7556}") = "Gardener.Base", "Modules\Framework\Gardener.Base\Gardener.Base.csproj", "{9E6AFDDE-487C-468D-AF7B-46BF6DDE8F0C}"
EndProject
Project("{9A19103F-16F7-4668-BE54-9A1E7A4F7556}") = "Gardener.Base.Entity", "Modules\Framework\Gardener.Base.Entity\Gardener.Base.Entity.csproj", "{13241DCC-11BA-418E-A53F-9E52905CB5E4}"
EndProject
Project("{9A19103F-16F7-4668-BE54-9A1E7A4F7556}") = "Gardener.Cache", "Modules\Framework\Gardener.Cache\Gardener.Cache.csproj", "{4007C01A-1A66-4BA2-8FCC-12A181B43CDF}"
EndProject
Project("{9A19103F-16F7-4668-BE54-9A1E7A4F7556}") = "Gardener.CodeGeneration", "Modules\Framework\Gardener.CodeGeneration\Gardener.CodeGeneration.csproj", "{2D26E524-10B3-4989-A384-81DF081202EB}"
EndProject
Project("{9A19103F-16F7-4668-BE54-9A1E7A4F7556}") = "Gardener.CodeGeneration.Client", "Modules\Framework\Gardener.CodeGeneration.Client\Gardener.CodeGeneration.Client.csproj", "{D19A4B7D-7B39-4755-8C0D-B6B9E9853082}"
EndProject
Project("{9A19103F-16F7-4668-BE54-9A1E7A4F7556}") = "Gardener.Email", "Modules\Framework\Gardener.Email\Gardener.Email.csproj", "{B128E74D-3E91-48E9-8489-4B76206A7F70}"
EndProject
Project("{9A19103F-16F7-4668-BE54-9A1E7A4F7556}") = "Gardener.Email.Client", "Modules\Framework\Gardener.Email.Client\Gardener.Email.Client.csproj", "{D3952FDF-98CC-48B6-9E47-508B0B0277C7}"
EndProject
Project("{9A19103F-16F7-4668-BE54-9A1E7A4F7556}") = "Gardener.EntityFramwork", "Modules\Framework\Gardener.EntityFramwork\Gardener.EntityFramwork.csproj", "{BF7E17BC-D3D4-4173-9FF7-6420603E4DE4}"
EndProject
Project("{9A19103F-16F7-4668-BE54-9A1E7A4F7556}") = "Gardener.EventBus", "Modules\Framework\Gardener.EventBus\Gardener.EventBus.csproj", "{11EC2A19-35A5-40FB-8CA2-65CEBD8B00B2}"
EndProject
Project("{9A19103F-16F7-4668-BE54-9A1E7A4F7556}") = "Gardener.FileStore", "Modules\Framework\Gardener.FileStore\Gardener.FileStore.csproj", "{EF9827DC-EE0F-4E90-9787-3C482FFF2DCB}"
EndProject
Project("{9A19103F-16F7-4668-BE54-9A1E7A4F7556}") = "Gardener.NotificationSystem", "Modules\Framework\Gardener.NotificationSystem\Gardener.NotificationSystem.csproj", "{BD3D9113-DD90-4629-B271-0BB4C29F6164}"
EndProject
Project("{9A19103F-16F7-4668-BE54-9A1E7A4F7556}") = "Gardener.NotificationSystem.Client", "Modules\Framework\Gardener.NotificationSystem.Client\Gardener.NotificationSystem.Client.csproj", "{1DD46D1E-4951-4399-8B9A-BAA8EB3D59F8}"
EndProject
Project("{9A19103F-16F7-4668-BE54-9A1E7A4F7556}") = "Gardener.SqlSugar", "Modules\Framework\Gardener.SqlSugar\Gardener.SqlSugar.csproj", "{25C75FD6-C8FA-46E3-8AF5-F1C691E7F9E1}"
EndProject
Project("{9A19103F-16F7-4668-BE54-9A1E7A4F7556}") = "Gardener.Swagger", "Modules\Framework\Gardener.Swagger\Gardener.Swagger.csproj", "{22BB052C-13F5-41EE-9E8A-5A7DF70438B4}"
EndProject
Project("{9A19103F-16F7-4668-BE54-9A1E7A4F7556}") = "Gardener.Swagger.Client", "Modules\Framework\Gardener.Swagger.Client\Gardener.Swagger.Client.csproj", "{02299640-2B92-4647-89EE-CE1487DEEB69}"
EndProject
Project("{9A19103F-16F7-4668-BE54-9A1E7A4F7556}") = "Gardener.SystemManager", "Modules\Framework\Gardener.SystemManager\Gardener.SystemManager.csproj", "{27322239-138A-4B8D-BAB3-AA0DA2FE2C66}"
EndProject
Project("{9A19103F-16F7-4668-BE54-9A1E7A4F7556}") = "Gardener.SystemManager.Client", "Modules\Framework\Gardener.SystemManager.Client\Gardener.SystemManager.Client.csproj", "{0F8663C2-57B4-47A3-B79C-6CCE1CEB7A28}"
EndProject
Project("{9A19103F-16F7-4668-BE54-9A1E7A4F7556}") = "Gardener.VerifyCode", "Modules\Framework\Gardener.VerifyCode\Gardener.VerifyCode.csproj", "{2035A593-EE10-4BFE-AA68-28088088E64E}"
EndProject
Project("{9A19103F-16F7-4668-BE54-9A1E7A4F7556}") = "Gardener.VerifyCode.CacheStore", "Modules\Framework\Gardener.VerifyCode.CacheStore\Gardener.VerifyCode.CacheStore.csproj", "{24E2E334-0FDC-4513-9FE4-800A25D3FFDF}"
EndProject
Project("{9A19103F-16F7-4668-BE54-9A1E7A4F7556}") = "Gardener.VerifyCode.Client", "Modules\Framework\Gardener.VerifyCode.Client\Gardener.VerifyCode.Client.csproj", "{547BA044-9D85-4C18-9760-1670AC18BD64}"
EndProject
Project("{9A19103F-16F7-4668-BE54-9A1E7A4F7556}") = "Gardener.UserCenter", "Modules\UserCenter\Gardener.UserCenter\Gardener.UserCenter.csproj", "{2C21B389-C8F9-4F9E-8EEE-BB48CAD08C6B}"
EndProject
Project("{9A19103F-16F7-4668-BE54-9A1E7A4F7556}") = "Gardener.UserCenter.Client", "Modules\UserCenter\Gardener.UserCenter.Client\Gardener.UserCenter.Client.csproj", "{191956A0-86A2-433E-97C8-C1D76C24D8EE}"
EndProject
Project("{9A19103F-16F7-4668-BE54-9A1E7A4F7556}") = "Gardener.UserCenter.Client.Services", "Modules\UserCenter\Gardener.UserCenter.Client.Services\Gardener.UserCenter.Client.Services.csproj", "{1E587413-D657-40DD-BAF4-2196354AD017}"
EndProject
Project("{9A19103F-16F7-4668-BE54-9A1E7A4F7556}") = "Gardener.UserCenter.Impl", "Modules\UserCenter\Gardener.UserCenter.Impl\Gardener.UserCenter.Impl.csproj", "{F987F7B6-7B93-41E9-A3C1-389DE762F5AB}"
EndProject
Project("{9A19103F-16F7-4668-BE54-9A1E7A4F7556}") = "Gardener.Client.Base", "Client\Gardener.Client.Base\Gardener.Client.Base.csproj", "{11EC0367-C70E-4C8B-ACB5-08A6BB31EE32}"
EndProject
Project("{9A19103F-16F7-4668-BE54-9A1E7A4F7556}") = "Gardener.Client.Core", "Client\Gardener.Client.Core\Gardener.Client.Core.csproj", "{4A88E40B-B60E-4859-B6F7-600893560DA7}"
EndProject
Project("{9A19103F-16F7-4668-BE54-9A1E7A4F7556}") = "Gardener.Client.AntDesignUi.Base", "Client\AntDesignClient\Gardener.Client.AntDesignUi.Base\Gardener.Client.AntDesignUi.Base.csproj", "{BAADCBCD-CEB8-4737-9F4D-31D350B4F161}"
EndProject
Project("{9A19103F-16F7-4668-BE54-9A1E7A4F7556}") = "Gardener.Client.AntDesignUi", "Client\AntDesignClient\Gardener.Client.AntDesignUi\Gardener.Client.AntDesignUi.csproj", "{E2320F65-EC1B-4A00-82F1-808DBEDEB70F}"
EndProject
Project("{9A19103F-16F7-4668-BE54-9A1E7A4F7556}") = "Gardener.Client.AntDesignUi.Entry", "Client\AntDesignClient\Gardener.Client.AntDesignUi.Entry\Gardener.Client.AntDesignUi.Entry.csproj", "{EB8200B7-FC24-4654-B036-AEC66FF967F7}"
EndProject
Project("{9A19103F-16F7-4668-BE54-9A1E7A4F7556}") = "Gardener.Api.Core", "Api\Gardener.Api.Core\Gardener.Api.Core.csproj", "{55252816-292C-4693-B329-8063553C73DA}"
EndProject
Project("{9A19103F-16F7-4668-BE54-9A1E7A4F7556}") = "Gardener.Api.Entry", "Api\Gardener.Api.Entry\Gardener.Api.Entry.csproj", "{20273E6E-3BBF-46B6-82F9-24B25D4A08F6}"
EndProject
Project("{9A19103F-16F7-4668-BE54-9A1E7A4F7556}") = "Gardener.Entry", "Gardener.Entry\Gardener.Entry.csproj", "{03BBD82C-2374-4DAC-B00C-6D1634E59B4B}"
EndProject
Project("{2150E333-8FDC-42A3-9474-1A3956D46DE8}") = "EasyJob", "EasyJob", "{3AD4B994-E4F3-4C79-8C09-EC0B05E51DA1}"
EndProject
Project("{9A19103F-16F7-4668-BE54-9A1E7A4F7556}") = "Gardener.EasyJob", "Modules\EasyJob\Gardener.EasyJob\Gardener.EasyJob.csproj", "{2EAA0A5F-AEDB-4DAC-9525-92D0360894FF}"
EndProject
Project("{9A19103F-16F7-4668-BE54-9A1E7A4F7556}") = "Gardener.EasyJob.Client", "Modules\EasyJob\Gardener.EasyJob.Client\Gardener.EasyJob.Client.csproj", "{71491EBB-6E3A-48C6-81BA-CDC54BFCCCF5}"
EndProject
Project("{9A19103F-16F7-4668-BE54-9A1E7A4F7556}") = "Gardener.EasyJob.Impl", "Modules\EasyJob\Gardener.EasyJob.Impl\Gardener.EasyJob.Impl.csproj", "{B0CCF138-4E9A-4123-BBA4-EC9DD5950F6D}"
EndProject
Project("{9A19103F-16F7-4668-BE54-9A1E7A4F7556}") = "Gardener.EasyJob.Client.Services", "Modules\EasyJob\Gardener.EasyJob.Client.Services\Gardener.EasyJob.Client.Services.csproj", "{54BE0A9C-6603-4B64-BB2F-5AD027F7A4D7}"
EndProject
Project("{9A19103F-16F7-4668-BE54-9A1E7A4F7556}") = "Gardener.VerifyCode.DbStore", "Modules\Framework\Gardener.VerifyCode.DbStore\Gardener.VerifyCode.DbStore.csproj", "{55E68088-F27C-4E0E-A7E0-7D3133F1F8D6}"
EndProject
Project("{2150E333-8FDC-42A3-9474-1A3956D46DE8}") = "SysTime", "SysTime", "{BB367E03-AF10-47F0-A27B-BF7290380172}"
EndProject
Project("{9A19103F-16F7-4668-BE54-9A1E7A4F7556}") = "Gardener.SysTimer", "Modules\SysTimer\Gardener.SysTimer\Gardener.SysTimer.csproj", "{421AC1D4-DAFB-4773-BC13-67CF34ACF9AA}"
EndProject
Project("{9A19103F-16F7-4668-BE54-9A1E7A4F7556}") = "Gardener.SysTimer.Client", "Modules\SysTimer\Gardener.SysTimer.Client\Gardener.SysTimer.Client.csproj", "{A187C216-A03C-4F92-BAB9-DE849088B4DF}"
EndProject
Project("{9A19103F-16F7-4668-BE54-9A1E7A4F7556}") = "Gardener.SysTimer.Impl", "Modules\SysTimer\Gardener.SysTimer.Impl\Gardener.SysTimer.Impl.csproj", "{A29D3DEB-056C-4EDA-9E2D-2B34E8CCD44A}"
EndProject
Project("{9A19103F-16F7-4668-BE54-9A1E7A4F7556}") = "Furion.TaskScheduler", "Modules\Framework\Furion.TaskScheduler\Furion.TaskScheduler.csproj", "{E10DDD6F-C7A6-446D-A096-D08F17706B93}"
EndProject
Project("{2150E333-8FDC-42A3-9474-1A3956D46DE8}") = "WoChat", "WoChat", "{F02762A3-B92F-4365-A04B-176181600E00}"
EndProject
Project("{9A19103F-16F7-4668-BE54-9A1E7A4F7556}") = "Gardener.WoChat.Impl", "Modules\WoChat\Gardener.WoChat.Impl\Gardener.WoChat.Impl.csproj", "{ADD852C9-C9EB-4045-BCA3-ECE19C98EC98}"
EndProject
Project("{9A19103F-16F7-4668-BE54-9A1E7A4F7556}") = "Gardener.WoChat", "Modules\WoChat\Gardener.WoChat\Gardener.WoChat.csproj", "{BC3EDD1A-8E76-424F-BD02-CA0B5BC402D0}"
EndProject
Project("{9A19103F-16F7-4668-BE54-9A1E7A4F7556}") = "Gardener.WoChat.Client", "Modules\WoChat\Gardener.WoChat.Client\Gardener.WoChat.Client.csproj", "{FA3B756B-B476-48FC-A7E7-7D0E1692054D}"
EndProject
Global
	GlobalSection(SolutionConfigurationPlatforms) = preSolution
		Debug|Any CPU = Debug|Any CPU
		Release|Any CPU = Release|Any CPU
	EndGlobalSection
	GlobalSection(ProjectConfigurationPlatforms) = postSolution
		{005BB872-50EF-4DF8-A164-FB0082AB41F6}.Debug|Any CPU.ActiveCfg = Debug|Any CPU
		{005BB872-50EF-4DF8-A164-FB0082AB41F6}.Debug|Any CPU.Build.0 = Debug|Any CPU
		{005BB872-50EF-4DF8-A164-FB0082AB41F6}.Release|Any CPU.ActiveCfg = Release|Any CPU
		{005BB872-50EF-4DF8-A164-FB0082AB41F6}.Release|Any CPU.Build.0 = Release|Any CPU
		{F3E8B292-8906-44C7-9366-11F92C9FD524}.Debug|Any CPU.ActiveCfg = Debug|Any CPU
		{F3E8B292-8906-44C7-9366-11F92C9FD524}.Debug|Any CPU.Build.0 = Debug|Any CPU
		{F3E8B292-8906-44C7-9366-11F92C9FD524}.Release|Any CPU.ActiveCfg = Release|Any CPU
		{F3E8B292-8906-44C7-9366-11F92C9FD524}.Release|Any CPU.Build.0 = Release|Any CPU
		{FB8A793F-8AA1-431E-AE76-B3BCE535F607}.Debug|Any CPU.ActiveCfg = Debug|Any CPU
		{FB8A793F-8AA1-431E-AE76-B3BCE535F607}.Debug|Any CPU.Build.0 = Debug|Any CPU
		{FB8A793F-8AA1-431E-AE76-B3BCE535F607}.Release|Any CPU.ActiveCfg = Release|Any CPU
		{FB8A793F-8AA1-431E-AE76-B3BCE535F607}.Release|Any CPU.Build.0 = Release|Any CPU
		{E9C986B7-3FB7-499B-BE77-3A320727D3C1}.Debug|Any CPU.ActiveCfg = Debug|Any CPU
		{E9C986B7-3FB7-499B-BE77-3A320727D3C1}.Debug|Any CPU.Build.0 = Debug|Any CPU
		{E9C986B7-3FB7-499B-BE77-3A320727D3C1}.Release|Any CPU.ActiveCfg = Release|Any CPU
		{E9C986B7-3FB7-499B-BE77-3A320727D3C1}.Release|Any CPU.Build.0 = Release|Any CPU
		{6D6A867E-9242-4BBD-8575-2D49AC2CBF7D}.Debug|Any CPU.ActiveCfg = Debug|Any CPU
		{6D6A867E-9242-4BBD-8575-2D49AC2CBF7D}.Debug|Any CPU.Build.0 = Debug|Any CPU
		{6D6A867E-9242-4BBD-8575-2D49AC2CBF7D}.Release|Any CPU.ActiveCfg = Release|Any CPU
		{6D6A867E-9242-4BBD-8575-2D49AC2CBF7D}.Release|Any CPU.Build.0 = Release|Any CPU
		{E96A265E-DBDA-4569-B8E9-BC123F4EA05F}.Debug|Any CPU.ActiveCfg = Debug|Any CPU
		{E96A265E-DBDA-4569-B8E9-BC123F4EA05F}.Debug|Any CPU.Build.0 = Debug|Any CPU
		{E96A265E-DBDA-4569-B8E9-BC123F4EA05F}.Release|Any CPU.ActiveCfg = Release|Any CPU
		{E96A265E-DBDA-4569-B8E9-BC123F4EA05F}.Release|Any CPU.Build.0 = Release|Any CPU
		{CA2A6FBA-02F1-4E26-BE50-EACC77552F36}.Debug|Any CPU.ActiveCfg = Debug|Any CPU
		{CA2A6FBA-02F1-4E26-BE50-EACC77552F36}.Debug|Any CPU.Build.0 = Debug|Any CPU
		{CA2A6FBA-02F1-4E26-BE50-EACC77552F36}.Release|Any CPU.ActiveCfg = Release|Any CPU
		{CA2A6FBA-02F1-4E26-BE50-EACC77552F36}.Release|Any CPU.Build.0 = Release|Any CPU
		{BDAE5DD3-5269-475E-A16E-C478AA5C39F9}.Debug|Any CPU.ActiveCfg = Debug|Any CPU
		{BDAE5DD3-5269-475E-A16E-C478AA5C39F9}.Debug|Any CPU.Build.0 = Debug|Any CPU
		{BDAE5DD3-5269-475E-A16E-C478AA5C39F9}.Release|Any CPU.ActiveCfg = Release|Any CPU
		{BDAE5DD3-5269-475E-A16E-C478AA5C39F9}.Release|Any CPU.Build.0 = Release|Any CPU
		{93DF71D0-B502-45CA-BA82-449C096A8681}.Debug|Any CPU.ActiveCfg = Debug|Any CPU
		{93DF71D0-B502-45CA-BA82-449C096A8681}.Debug|Any CPU.Build.0 = Debug|Any CPU
		{93DF71D0-B502-45CA-BA82-449C096A8681}.Release|Any CPU.ActiveCfg = Release|Any CPU
		{93DF71D0-B502-45CA-BA82-449C096A8681}.Release|Any CPU.Build.0 = Release|Any CPU
		{911908D3-DAEE-45E6-944D-5E8C3A45AA52}.Debug|Any CPU.ActiveCfg = Debug|Any CPU
		{911908D3-DAEE-45E6-944D-5E8C3A45AA52}.Debug|Any CPU.Build.0 = Debug|Any CPU
		{911908D3-DAEE-45E6-944D-5E8C3A45AA52}.Release|Any CPU.ActiveCfg = Release|Any CPU
		{911908D3-DAEE-45E6-944D-5E8C3A45AA52}.Release|Any CPU.Build.0 = Release|Any CPU
		{19D784DB-69CC-40A2-A2AC-87804A5EB7ED}.Debug|Any CPU.ActiveCfg = Debug|Any CPU
		{19D784DB-69CC-40A2-A2AC-87804A5EB7ED}.Debug|Any CPU.Build.0 = Debug|Any CPU
		{19D784DB-69CC-40A2-A2AC-87804A5EB7ED}.Release|Any CPU.ActiveCfg = Release|Any CPU
		{19D784DB-69CC-40A2-A2AC-87804A5EB7ED}.Release|Any CPU.Build.0 = Release|Any CPU
		{9E6AFDDE-487C-468D-AF7B-46BF6DDE8F0C}.Debug|Any CPU.ActiveCfg = Debug|Any CPU
		{9E6AFDDE-487C-468D-AF7B-46BF6DDE8F0C}.Debug|Any CPU.Build.0 = Debug|Any CPU
		{9E6AFDDE-487C-468D-AF7B-46BF6DDE8F0C}.Release|Any CPU.ActiveCfg = Release|Any CPU
		{9E6AFDDE-487C-468D-AF7B-46BF6DDE8F0C}.Release|Any CPU.Build.0 = Release|Any CPU
		{13241DCC-11BA-418E-A53F-9E52905CB5E4}.Debug|Any CPU.ActiveCfg = Debug|Any CPU
		{13241DCC-11BA-418E-A53F-9E52905CB5E4}.Debug|Any CPU.Build.0 = Debug|Any CPU
		{13241DCC-11BA-418E-A53F-9E52905CB5E4}.Release|Any CPU.ActiveCfg = Release|Any CPU
		{13241DCC-11BA-418E-A53F-9E52905CB5E4}.Release|Any CPU.Build.0 = Release|Any CPU
		{4007C01A-1A66-4BA2-8FCC-12A181B43CDF}.Debug|Any CPU.ActiveCfg = Debug|Any CPU
		{4007C01A-1A66-4BA2-8FCC-12A181B43CDF}.Debug|Any CPU.Build.0 = Debug|Any CPU
		{4007C01A-1A66-4BA2-8FCC-12A181B43CDF}.Release|Any CPU.ActiveCfg = Release|Any CPU
		{4007C01A-1A66-4BA2-8FCC-12A181B43CDF}.Release|Any CPU.Build.0 = Release|Any CPU
		{2D26E524-10B3-4989-A384-81DF081202EB}.Debug|Any CPU.ActiveCfg = Debug|Any CPU
		{2D26E524-10B3-4989-A384-81DF081202EB}.Debug|Any CPU.Build.0 = Debug|Any CPU
		{2D26E524-10B3-4989-A384-81DF081202EB}.Release|Any CPU.ActiveCfg = Release|Any CPU
		{2D26E524-10B3-4989-A384-81DF081202EB}.Release|Any CPU.Build.0 = Release|Any CPU
		{D19A4B7D-7B39-4755-8C0D-B6B9E9853082}.Debug|Any CPU.ActiveCfg = Debug|Any CPU
		{D19A4B7D-7B39-4755-8C0D-B6B9E9853082}.Debug|Any CPU.Build.0 = Debug|Any CPU
		{D19A4B7D-7B39-4755-8C0D-B6B9E9853082}.Release|Any CPU.ActiveCfg = Release|Any CPU
		{D19A4B7D-7B39-4755-8C0D-B6B9E9853082}.Release|Any CPU.Build.0 = Release|Any CPU
		{B128E74D-3E91-48E9-8489-4B76206A7F70}.Debug|Any CPU.ActiveCfg = Debug|Any CPU
		{B128E74D-3E91-48E9-8489-4B76206A7F70}.Debug|Any CPU.Build.0 = Debug|Any CPU
		{B128E74D-3E91-48E9-8489-4B76206A7F70}.Release|Any CPU.ActiveCfg = Release|Any CPU
		{B128E74D-3E91-48E9-8489-4B76206A7F70}.Release|Any CPU.Build.0 = Release|Any CPU
		{D3952FDF-98CC-48B6-9E47-508B0B0277C7}.Debug|Any CPU.ActiveCfg = Debug|Any CPU
		{D3952FDF-98CC-48B6-9E47-508B0B0277C7}.Debug|Any CPU.Build.0 = Debug|Any CPU
		{D3952FDF-98CC-48B6-9E47-508B0B0277C7}.Release|Any CPU.ActiveCfg = Release|Any CPU
		{D3952FDF-98CC-48B6-9E47-508B0B0277C7}.Release|Any CPU.Build.0 = Release|Any CPU
		{BF7E17BC-D3D4-4173-9FF7-6420603E4DE4}.Debug|Any CPU.ActiveCfg = Debug|Any CPU
		{BF7E17BC-D3D4-4173-9FF7-6420603E4DE4}.Debug|Any CPU.Build.0 = Debug|Any CPU
		{BF7E17BC-D3D4-4173-9FF7-6420603E4DE4}.Release|Any CPU.ActiveCfg = Release|Any CPU
		{BF7E17BC-D3D4-4173-9FF7-6420603E4DE4}.Release|Any CPU.Build.0 = Release|Any CPU
		{11EC2A19-35A5-40FB-8CA2-65CEBD8B00B2}.Debug|Any CPU.ActiveCfg = Debug|Any CPU
		{11EC2A19-35A5-40FB-8CA2-65CEBD8B00B2}.Debug|Any CPU.Build.0 = Debug|Any CPU
		{11EC2A19-35A5-40FB-8CA2-65CEBD8B00B2}.Release|Any CPU.ActiveCfg = Release|Any CPU
		{11EC2A19-35A5-40FB-8CA2-65CEBD8B00B2}.Release|Any CPU.Build.0 = Release|Any CPU
		{EF9827DC-EE0F-4E90-9787-3C482FFF2DCB}.Debug|Any CPU.ActiveCfg = Debug|Any CPU
		{EF9827DC-EE0F-4E90-9787-3C482FFF2DCB}.Debug|Any CPU.Build.0 = Debug|Any CPU
		{EF9827DC-EE0F-4E90-9787-3C482FFF2DCB}.Release|Any CPU.ActiveCfg = Release|Any CPU
		{EF9827DC-EE0F-4E90-9787-3C482FFF2DCB}.Release|Any CPU.Build.0 = Release|Any CPU
		{BD3D9113-DD90-4629-B271-0BB4C29F6164}.Debug|Any CPU.ActiveCfg = Debug|Any CPU
		{BD3D9113-DD90-4629-B271-0BB4C29F6164}.Debug|Any CPU.Build.0 = Debug|Any CPU
		{BD3D9113-DD90-4629-B271-0BB4C29F6164}.Release|Any CPU.ActiveCfg = Release|Any CPU
		{BD3D9113-DD90-4629-B271-0BB4C29F6164}.Release|Any CPU.Build.0 = Release|Any CPU
		{1DD46D1E-4951-4399-8B9A-BAA8EB3D59F8}.Debug|Any CPU.ActiveCfg = Debug|Any CPU
		{1DD46D1E-4951-4399-8B9A-BAA8EB3D59F8}.Debug|Any CPU.Build.0 = Debug|Any CPU
		{1DD46D1E-4951-4399-8B9A-BAA8EB3D59F8}.Release|Any CPU.ActiveCfg = Release|Any CPU
		{1DD46D1E-4951-4399-8B9A-BAA8EB3D59F8}.Release|Any CPU.Build.0 = Release|Any CPU
		{25C75FD6-C8FA-46E3-8AF5-F1C691E7F9E1}.Debug|Any CPU.ActiveCfg = Debug|Any CPU
		{25C75FD6-C8FA-46E3-8AF5-F1C691E7F9E1}.Debug|Any CPU.Build.0 = Debug|Any CPU
		{25C75FD6-C8FA-46E3-8AF5-F1C691E7F9E1}.Release|Any CPU.ActiveCfg = Release|Any CPU
		{25C75FD6-C8FA-46E3-8AF5-F1C691E7F9E1}.Release|Any CPU.Build.0 = Release|Any CPU
		{22BB052C-13F5-41EE-9E8A-5A7DF70438B4}.Debug|Any CPU.ActiveCfg = Debug|Any CPU
		{22BB052C-13F5-41EE-9E8A-5A7DF70438B4}.Debug|Any CPU.Build.0 = Debug|Any CPU
		{22BB052C-13F5-41EE-9E8A-5A7DF70438B4}.Release|Any CPU.ActiveCfg = Release|Any CPU
		{22BB052C-13F5-41EE-9E8A-5A7DF70438B4}.Release|Any CPU.Build.0 = Release|Any CPU
		{02299640-2B92-4647-89EE-CE1487DEEB69}.Debug|Any CPU.ActiveCfg = Debug|Any CPU
		{02299640-2B92-4647-89EE-CE1487DEEB69}.Debug|Any CPU.Build.0 = Debug|Any CPU
		{02299640-2B92-4647-89EE-CE1487DEEB69}.Release|Any CPU.ActiveCfg = Release|Any CPU
		{02299640-2B92-4647-89EE-CE1487DEEB69}.Release|Any CPU.Build.0 = Release|Any CPU
		{27322239-138A-4B8D-BAB3-AA0DA2FE2C66}.Debug|Any CPU.ActiveCfg = Debug|Any CPU
		{27322239-138A-4B8D-BAB3-AA0DA2FE2C66}.Debug|Any CPU.Build.0 = Debug|Any CPU
		{27322239-138A-4B8D-BAB3-AA0DA2FE2C66}.Release|Any CPU.ActiveCfg = Release|Any CPU
		{27322239-138A-4B8D-BAB3-AA0DA2FE2C66}.Release|Any CPU.Build.0 = Release|Any CPU
		{0F8663C2-57B4-47A3-B79C-6CCE1CEB7A28}.Debug|Any CPU.ActiveCfg = Debug|Any CPU
		{0F8663C2-57B4-47A3-B79C-6CCE1CEB7A28}.Debug|Any CPU.Build.0 = Debug|Any CPU
		{0F8663C2-57B4-47A3-B79C-6CCE1CEB7A28}.Release|Any CPU.ActiveCfg = Release|Any CPU
		{0F8663C2-57B4-47A3-B79C-6CCE1CEB7A28}.Release|Any CPU.Build.0 = Release|Any CPU
		{2035A593-EE10-4BFE-AA68-28088088E64E}.Debug|Any CPU.ActiveCfg = Debug|Any CPU
		{2035A593-EE10-4BFE-AA68-28088088E64E}.Debug|Any CPU.Build.0 = Debug|Any CPU
		{2035A593-EE10-4BFE-AA68-28088088E64E}.Release|Any CPU.ActiveCfg = Release|Any CPU
		{2035A593-EE10-4BFE-AA68-28088088E64E}.Release|Any CPU.Build.0 = Release|Any CPU
		{24E2E334-0FDC-4513-9FE4-800A25D3FFDF}.Debug|Any CPU.ActiveCfg = Debug|Any CPU
		{24E2E334-0FDC-4513-9FE4-800A25D3FFDF}.Debug|Any CPU.Build.0 = Debug|Any CPU
		{24E2E334-0FDC-4513-9FE4-800A25D3FFDF}.Release|Any CPU.ActiveCfg = Release|Any CPU
		{24E2E334-0FDC-4513-9FE4-800A25D3FFDF}.Release|Any CPU.Build.0 = Release|Any CPU
		{547BA044-9D85-4C18-9760-1670AC18BD64}.Debug|Any CPU.ActiveCfg = Debug|Any CPU
		{547BA044-9D85-4C18-9760-1670AC18BD64}.Debug|Any CPU.Build.0 = Debug|Any CPU
		{547BA044-9D85-4C18-9760-1670AC18BD64}.Release|Any CPU.ActiveCfg = Release|Any CPU
		{547BA044-9D85-4C18-9760-1670AC18BD64}.Release|Any CPU.Build.0 = Release|Any CPU
		{2C21B389-C8F9-4F9E-8EEE-BB48CAD08C6B}.Debug|Any CPU.ActiveCfg = Debug|Any CPU
		{2C21B389-C8F9-4F9E-8EEE-BB48CAD08C6B}.Debug|Any CPU.Build.0 = Debug|Any CPU
		{2C21B389-C8F9-4F9E-8EEE-BB48CAD08C6B}.Release|Any CPU.ActiveCfg = Release|Any CPU
		{2C21B389-C8F9-4F9E-8EEE-BB48CAD08C6B}.Release|Any CPU.Build.0 = Release|Any CPU
		{191956A0-86A2-433E-97C8-C1D76C24D8EE}.Debug|Any CPU.ActiveCfg = Debug|Any CPU
		{191956A0-86A2-433E-97C8-C1D76C24D8EE}.Debug|Any CPU.Build.0 = Debug|Any CPU
		{191956A0-86A2-433E-97C8-C1D76C24D8EE}.Release|Any CPU.ActiveCfg = Release|Any CPU
		{191956A0-86A2-433E-97C8-C1D76C24D8EE}.Release|Any CPU.Build.0 = Release|Any CPU
		{1E587413-D657-40DD-BAF4-2196354AD017}.Debug|Any CPU.ActiveCfg = Debug|Any CPU
		{1E587413-D657-40DD-BAF4-2196354AD017}.Debug|Any CPU.Build.0 = Debug|Any CPU
		{1E587413-D657-40DD-BAF4-2196354AD017}.Release|Any CPU.ActiveCfg = Release|Any CPU
		{1E587413-D657-40DD-BAF4-2196354AD017}.Release|Any CPU.Build.0 = Release|Any CPU
		{F987F7B6-7B93-41E9-A3C1-389DE762F5AB}.Debug|Any CPU.ActiveCfg = Debug|Any CPU
		{F987F7B6-7B93-41E9-A3C1-389DE762F5AB}.Debug|Any CPU.Build.0 = Debug|Any CPU
		{F987F7B6-7B93-41E9-A3C1-389DE762F5AB}.Release|Any CPU.ActiveCfg = Release|Any CPU
		{F987F7B6-7B93-41E9-A3C1-389DE762F5AB}.Release|Any CPU.Build.0 = Release|Any CPU
		{11EC0367-C70E-4C8B-ACB5-08A6BB31EE32}.Debug|Any CPU.ActiveCfg = Debug|Any CPU
		{11EC0367-C70E-4C8B-ACB5-08A6BB31EE32}.Debug|Any CPU.Build.0 = Debug|Any CPU
		{11EC0367-C70E-4C8B-ACB5-08A6BB31EE32}.Release|Any CPU.ActiveCfg = Release|Any CPU
		{11EC0367-C70E-4C8B-ACB5-08A6BB31EE32}.Release|Any CPU.Build.0 = Release|Any CPU
		{4A88E40B-B60E-4859-B6F7-600893560DA7}.Debug|Any CPU.ActiveCfg = Debug|Any CPU
		{4A88E40B-B60E-4859-B6F7-600893560DA7}.Debug|Any CPU.Build.0 = Debug|Any CPU
		{4A88E40B-B60E-4859-B6F7-600893560DA7}.Release|Any CPU.ActiveCfg = Release|Any CPU
		{4A88E40B-B60E-4859-B6F7-600893560DA7}.Release|Any CPU.Build.0 = Release|Any CPU
		{BAADCBCD-CEB8-4737-9F4D-31D350B4F161}.Debug|Any CPU.ActiveCfg = Debug|Any CPU
		{BAADCBCD-CEB8-4737-9F4D-31D350B4F161}.Debug|Any CPU.Build.0 = Debug|Any CPU
		{BAADCBCD-CEB8-4737-9F4D-31D350B4F161}.Release|Any CPU.ActiveCfg = Release|Any CPU
		{BAADCBCD-CEB8-4737-9F4D-31D350B4F161}.Release|Any CPU.Build.0 = Release|Any CPU
		{E2320F65-EC1B-4A00-82F1-808DBEDEB70F}.Debug|Any CPU.ActiveCfg = Debug|Any CPU
		{E2320F65-EC1B-4A00-82F1-808DBEDEB70F}.Debug|Any CPU.Build.0 = Debug|Any CPU
		{E2320F65-EC1B-4A00-82F1-808DBEDEB70F}.Release|Any CPU.ActiveCfg = Release|Any CPU
		{E2320F65-EC1B-4A00-82F1-808DBEDEB70F}.Release|Any CPU.Build.0 = Release|Any CPU
		{EB8200B7-FC24-4654-B036-AEC66FF967F7}.Debug|Any CPU.ActiveCfg = Debug|Any CPU
		{EB8200B7-FC24-4654-B036-AEC66FF967F7}.Debug|Any CPU.Build.0 = Debug|Any CPU
		{EB8200B7-FC24-4654-B036-AEC66FF967F7}.Release|Any CPU.ActiveCfg = Release|Any CPU
		{EB8200B7-FC24-4654-B036-AEC66FF967F7}.Release|Any CPU.Build.0 = Release|Any CPU
		{55252816-292C-4693-B329-8063553C73DA}.Debug|Any CPU.ActiveCfg = Debug|Any CPU
		{55252816-292C-4693-B329-8063553C73DA}.Debug|Any CPU.Build.0 = Debug|Any CPU
		{55252816-292C-4693-B329-8063553C73DA}.Release|Any CPU.ActiveCfg = Release|Any CPU
		{55252816-292C-4693-B329-8063553C73DA}.Release|Any CPU.Build.0 = Release|Any CPU
		{20273E6E-3BBF-46B6-82F9-24B25D4A08F6}.Debug|Any CPU.ActiveCfg = Debug|Any CPU
		{20273E6E-3BBF-46B6-82F9-24B25D4A08F6}.Debug|Any CPU.Build.0 = Debug|Any CPU
		{20273E6E-3BBF-46B6-82F9-24B25D4A08F6}.Release|Any CPU.ActiveCfg = Release|Any CPU
		{20273E6E-3BBF-46B6-82F9-24B25D4A08F6}.Release|Any CPU.Build.0 = Release|Any CPU
		{03BBD82C-2374-4DAC-B00C-6D1634E59B4B}.Debug|Any CPU.ActiveCfg = Debug|Any CPU
		{03BBD82C-2374-4DAC-B00C-6D1634E59B4B}.Debug|Any CPU.Build.0 = Debug|Any CPU
		{03BBD82C-2374-4DAC-B00C-6D1634E59B4B}.Release|Any CPU.ActiveCfg = Release|Any CPU
		{03BBD82C-2374-4DAC-B00C-6D1634E59B4B}.Release|Any CPU.Build.0 = Release|Any CPU
		{2EAA0A5F-AEDB-4DAC-9525-92D0360894FF}.Debug|Any CPU.ActiveCfg = Debug|Any CPU
		{2EAA0A5F-AEDB-4DAC-9525-92D0360894FF}.Debug|Any CPU.Build.0 = Debug|Any CPU
		{2EAA0A5F-AEDB-4DAC-9525-92D0360894FF}.Release|Any CPU.ActiveCfg = Release|Any CPU
		{2EAA0A5F-AEDB-4DAC-9525-92D0360894FF}.Release|Any CPU.Build.0 = Release|Any CPU
		{71491EBB-6E3A-48C6-81BA-CDC54BFCCCF5}.Debug|Any CPU.ActiveCfg = Debug|Any CPU
		{71491EBB-6E3A-48C6-81BA-CDC54BFCCCF5}.Debug|Any CPU.Build.0 = Debug|Any CPU
		{71491EBB-6E3A-48C6-81BA-CDC54BFCCCF5}.Release|Any CPU.ActiveCfg = Release|Any CPU
		{71491EBB-6E3A-48C6-81BA-CDC54BFCCCF5}.Release|Any CPU.Build.0 = Release|Any CPU
		{B0CCF138-4E9A-4123-BBA4-EC9DD5950F6D}.Debug|Any CPU.ActiveCfg = Debug|Any CPU
		{B0CCF138-4E9A-4123-BBA4-EC9DD5950F6D}.Debug|Any CPU.Build.0 = Debug|Any CPU
		{B0CCF138-4E9A-4123-BBA4-EC9DD5950F6D}.Release|Any CPU.ActiveCfg = Release|Any CPU
		{B0CCF138-4E9A-4123-BBA4-EC9DD5950F6D}.Release|Any CPU.Build.0 = Release|Any CPU
		{54BE0A9C-6603-4B64-BB2F-5AD027F7A4D7}.Debug|Any CPU.ActiveCfg = Debug|Any CPU
		{54BE0A9C-6603-4B64-BB2F-5AD027F7A4D7}.Debug|Any CPU.Build.0 = Debug|Any CPU
		{54BE0A9C-6603-4B64-BB2F-5AD027F7A4D7}.Release|Any CPU.ActiveCfg = Release|Any CPU
		{54BE0A9C-6603-4B64-BB2F-5AD027F7A4D7}.Release|Any CPU.Build.0 = Release|Any CPU
		{55E68088-F27C-4E0E-A7E0-7D3133F1F8D6}.Debug|Any CPU.ActiveCfg = Debug|Any CPU
		{55E68088-F27C-4E0E-A7E0-7D3133F1F8D6}.Debug|Any CPU.Build.0 = Debug|Any CPU
		{55E68088-F27C-4E0E-A7E0-7D3133F1F8D6}.Release|Any CPU.ActiveCfg = Release|Any CPU
		{55E68088-F27C-4E0E-A7E0-7D3133F1F8D6}.Release|Any CPU.Build.0 = Release|Any CPU
		{421AC1D4-DAFB-4773-BC13-67CF34ACF9AA}.Debug|Any CPU.ActiveCfg = Debug|Any CPU
		{421AC1D4-DAFB-4773-BC13-67CF34ACF9AA}.Debug|Any CPU.Build.0 = Debug|Any CPU
		{421AC1D4-DAFB-4773-BC13-67CF34ACF9AA}.Release|Any CPU.ActiveCfg = Release|Any CPU
		{421AC1D4-DAFB-4773-BC13-67CF34ACF9AA}.Release|Any CPU.Build.0 = Release|Any CPU
		{A187C216-A03C-4F92-BAB9-DE849088B4DF}.Debug|Any CPU.ActiveCfg = Debug|Any CPU
		{A187C216-A03C-4F92-BAB9-DE849088B4DF}.Debug|Any CPU.Build.0 = Debug|Any CPU
		{A187C216-A03C-4F92-BAB9-DE849088B4DF}.Release|Any CPU.ActiveCfg = Release|Any CPU
		{A187C216-A03C-4F92-BAB9-DE849088B4DF}.Release|Any CPU.Build.0 = Release|Any CPU
		{A29D3DEB-056C-4EDA-9E2D-2B34E8CCD44A}.Debug|Any CPU.ActiveCfg = Debug|Any CPU
		{A29D3DEB-056C-4EDA-9E2D-2B34E8CCD44A}.Debug|Any CPU.Build.0 = Debug|Any CPU
		{A29D3DEB-056C-4EDA-9E2D-2B34E8CCD44A}.Release|Any CPU.ActiveCfg = Release|Any CPU
		{A29D3DEB-056C-4EDA-9E2D-2B34E8CCD44A}.Release|Any CPU.Build.0 = Release|Any CPU
		{E10DDD6F-C7A6-446D-A096-D08F17706B93}.Debug|Any CPU.ActiveCfg = Debug|Any CPU
		{E10DDD6F-C7A6-446D-A096-D08F17706B93}.Debug|Any CPU.Build.0 = Debug|Any CPU
		{E10DDD6F-C7A6-446D-A096-D08F17706B93}.Release|Any CPU.ActiveCfg = Release|Any CPU
		{E10DDD6F-C7A6-446D-A096-D08F17706B93}.Release|Any CPU.Build.0 = Release|Any CPU
		{ADD852C9-C9EB-4045-BCA3-ECE19C98EC98}.Debug|Any CPU.ActiveCfg = Debug|Any CPU
		{ADD852C9-C9EB-4045-BCA3-ECE19C98EC98}.Debug|Any CPU.Build.0 = Debug|Any CPU
		{ADD852C9-C9EB-4045-BCA3-ECE19C98EC98}.Release|Any CPU.ActiveCfg = Release|Any CPU
		{ADD852C9-C9EB-4045-BCA3-ECE19C98EC98}.Release|Any CPU.Build.0 = Release|Any CPU
		{BC3EDD1A-8E76-424F-BD02-CA0B5BC402D0}.Debug|Any CPU.ActiveCfg = Debug|Any CPU
		{BC3EDD1A-8E76-424F-BD02-CA0B5BC402D0}.Debug|Any CPU.Build.0 = Debug|Any CPU
		{BC3EDD1A-8E76-424F-BD02-CA0B5BC402D0}.Release|Any CPU.ActiveCfg = Release|Any CPU
		{BC3EDD1A-8E76-424F-BD02-CA0B5BC402D0}.Release|Any CPU.Build.0 = Release|Any CPU
		{FA3B756B-B476-48FC-A7E7-7D0E1692054D}.Debug|Any CPU.ActiveCfg = Debug|Any CPU
		{FA3B756B-B476-48FC-A7E7-7D0E1692054D}.Debug|Any CPU.Build.0 = Debug|Any CPU
		{FA3B756B-B476-48FC-A7E7-7D0E1692054D}.Release|Any CPU.ActiveCfg = Release|Any CPU
		{FA3B756B-B476-48FC-A7E7-7D0E1692054D}.Release|Any CPU.Build.0 = Release|Any CPU
	EndGlobalSection
	GlobalSection(SolutionProperties) = preSolution
		HideSolutionNode = FALSE
	EndGlobalSection
	GlobalSection(NestedProjects) = preSolution
		{08D32FE5-4548-4C51-9D6E-68BDB2CE112E} = {3286622B-B797-474B-8975-30242B042689}
		{B1A74656-4FBF-406A-B4AF-0FC2274B9930} = {3286622B-B797-474B-8975-30242B042689}
		{005BB872-50EF-4DF8-A164-FB0082AB41F6} = {BBBDC8C7-17B5-403F-BDA6-0090C29E48E4}
		{F3E8B292-8906-44C7-9366-11F92C9FD524} = {BBBDC8C7-17B5-403F-BDA6-0090C29E48E4}
		{FB8A793F-8AA1-431E-AE76-B3BCE535F607} = {BBBDC8C7-17B5-403F-BDA6-0090C29E48E4}
		{E9C986B7-3FB7-499B-BE77-3A320727D3C1} = {08D32FE5-4548-4C51-9D6E-68BDB2CE112E}
		{6D6A867E-9242-4BBD-8575-2D49AC2CBF7D} = {08D32FE5-4548-4C51-9D6E-68BDB2CE112E}
		{E96A265E-DBDA-4569-B8E9-BC123F4EA05F} = {08D32FE5-4548-4C51-9D6E-68BDB2CE112E}
		{CA2A6FBA-02F1-4E26-BE50-EACC77552F36} = {08D32FE5-4548-4C51-9D6E-68BDB2CE112E}
		{BDAE5DD3-5269-475E-A16E-C478AA5C39F9} = {08D32FE5-4548-4C51-9D6E-68BDB2CE112E}
		{93DF71D0-B502-45CA-BA82-449C096A8681} = {08D32FE5-4548-4C51-9D6E-68BDB2CE112E}
		{911908D3-DAEE-45E6-944D-5E8C3A45AA52} = {08D32FE5-4548-4C51-9D6E-68BDB2CE112E}
		{19D784DB-69CC-40A2-A2AC-87804A5EB7ED} = {08D32FE5-4548-4C51-9D6E-68BDB2CE112E}
		{9E6AFDDE-487C-468D-AF7B-46BF6DDE8F0C} = {08D32FE5-4548-4C51-9D6E-68BDB2CE112E}
		{13241DCC-11BA-418E-A53F-9E52905CB5E4} = {08D32FE5-4548-4C51-9D6E-68BDB2CE112E}
		{4007C01A-1A66-4BA2-8FCC-12A181B43CDF} = {08D32FE5-4548-4C51-9D6E-68BDB2CE112E}
		{2D26E524-10B3-4989-A384-81DF081202EB} = {08D32FE5-4548-4C51-9D6E-68BDB2CE112E}
		{D19A4B7D-7B39-4755-8C0D-B6B9E9853082} = {08D32FE5-4548-4C51-9D6E-68BDB2CE112E}
		{B128E74D-3E91-48E9-8489-4B76206A7F70} = {08D32FE5-4548-4C51-9D6E-68BDB2CE112E}
		{D3952FDF-98CC-48B6-9E47-508B0B0277C7} = {08D32FE5-4548-4C51-9D6E-68BDB2CE112E}
		{BF7E17BC-D3D4-4173-9FF7-6420603E4DE4} = {08D32FE5-4548-4C51-9D6E-68BDB2CE112E}
		{11EC2A19-35A5-40FB-8CA2-65CEBD8B00B2} = {08D32FE5-4548-4C51-9D6E-68BDB2CE112E}
		{EF9827DC-EE0F-4E90-9787-3C482FFF2DCB} = {08D32FE5-4548-4C51-9D6E-68BDB2CE112E}
		{BD3D9113-DD90-4629-B271-0BB4C29F6164} = {08D32FE5-4548-4C51-9D6E-68BDB2CE112E}
		{1DD46D1E-4951-4399-8B9A-BAA8EB3D59F8} = {08D32FE5-4548-4C51-9D6E-68BDB2CE112E}
		{25C75FD6-C8FA-46E3-8AF5-F1C691E7F9E1} = {08D32FE5-4548-4C51-9D6E-68BDB2CE112E}
		{22BB052C-13F5-41EE-9E8A-5A7DF70438B4} = {08D32FE5-4548-4C51-9D6E-68BDB2CE112E}
		{02299640-2B92-4647-89EE-CE1487DEEB69} = {08D32FE5-4548-4C51-9D6E-68BDB2CE112E}
		{27322239-138A-4B8D-BAB3-AA0DA2FE2C66} = {08D32FE5-4548-4C51-9D6E-68BDB2CE112E}
		{0F8663C2-57B4-47A3-B79C-6CCE1CEB7A28} = {08D32FE5-4548-4C51-9D6E-68BDB2CE112E}
		{2035A593-EE10-4BFE-AA68-28088088E64E} = {08D32FE5-4548-4C51-9D6E-68BDB2CE112E}
		{24E2E334-0FDC-4513-9FE4-800A25D3FFDF} = {08D32FE5-4548-4C51-9D6E-68BDB2CE112E}
		{547BA044-9D85-4C18-9760-1670AC18BD64} = {08D32FE5-4548-4C51-9D6E-68BDB2CE112E}
		{2C21B389-C8F9-4F9E-8EEE-BB48CAD08C6B} = {B1A74656-4FBF-406A-B4AF-0FC2274B9930}
		{191956A0-86A2-433E-97C8-C1D76C24D8EE} = {B1A74656-4FBF-406A-B4AF-0FC2274B9930}
		{1E587413-D657-40DD-BAF4-2196354AD017} = {B1A74656-4FBF-406A-B4AF-0FC2274B9930}
		{F987F7B6-7B93-41E9-A3C1-389DE762F5AB} = {B1A74656-4FBF-406A-B4AF-0FC2274B9930}
		{11EC0367-C70E-4C8B-ACB5-08A6BB31EE32} = {F123E72C-3E88-4536-B208-F44CBF80817B}
		{4A88E40B-B60E-4859-B6F7-600893560DA7} = {F123E72C-3E88-4536-B208-F44CBF80817B}
		{BAADCBCD-CEB8-4737-9F4D-31D350B4F161} = {F123E72C-3E88-4536-B208-F44CBF80817B}
		{E2320F65-EC1B-4A00-82F1-808DBEDEB70F} = {F123E72C-3E88-4536-B208-F44CBF80817B}
		{EB8200B7-FC24-4654-B036-AEC66FF967F7} = {F123E72C-3E88-4536-B208-F44CBF80817B}
		{55252816-292C-4693-B329-8063553C73DA} = {371CA3DB-DD4F-4564-A14C-83BF9EB1E58F}
		{20273E6E-3BBF-46B6-82F9-24B25D4A08F6} = {371CA3DB-DD4F-4564-A14C-83BF9EB1E58F}
		{3AD4B994-E4F3-4C79-8C09-EC0B05E51DA1} = {3286622B-B797-474B-8975-30242B042689}
		{2EAA0A5F-AEDB-4DAC-9525-92D0360894FF} = {3AD4B994-E4F3-4C79-8C09-EC0B05E51DA1}
		{71491EBB-6E3A-48C6-81BA-CDC54BFCCCF5} = {3AD4B994-E4F3-4C79-8C09-EC0B05E51DA1}
		{B0CCF138-4E9A-4123-BBA4-EC9DD5950F6D} = {3AD4B994-E4F3-4C79-8C09-EC0B05E51DA1}
		{54BE0A9C-6603-4B64-BB2F-5AD027F7A4D7} = {3AD4B994-E4F3-4C79-8C09-EC0B05E51DA1}
		{55E68088-F27C-4E0E-A7E0-7D3133F1F8D6} = {08D32FE5-4548-4C51-9D6E-68BDB2CE112E}
		{BB367E03-AF10-47F0-A27B-BF7290380172} = {3286622B-B797-474B-8975-30242B042689}
		{421AC1D4-DAFB-4773-BC13-67CF34ACF9AA} = {BB367E03-AF10-47F0-A27B-BF7290380172}
		{A187C216-A03C-4F92-BAB9-DE849088B4DF} = {BB367E03-AF10-47F0-A27B-BF7290380172}
		{A29D3DEB-056C-4EDA-9E2D-2B34E8CCD44A} = {BB367E03-AF10-47F0-A27B-BF7290380172}
		{E10DDD6F-C7A6-446D-A096-D08F17706B93} = {08D32FE5-4548-4C51-9D6E-68BDB2CE112E}
		{F02762A3-B92F-4365-A04B-176181600E00} = {3286622B-B797-474B-8975-30242B042689}
		{ADD852C9-C9EB-4045-BCA3-ECE19C98EC98} = {F02762A3-B92F-4365-A04B-176181600E00}
		{BC3EDD1A-8E76-424F-BD02-CA0B5BC402D0} = {F02762A3-B92F-4365-A04B-176181600E00}
		{FA3B756B-B476-48FC-A7E7-7D0E1692054D} = {F02762A3-B92F-4365-A04B-176181600E00}
	EndGlobalSection
	GlobalSection(ExtensibilityGlobals) = postSolution
		SolutionGuid = {0782AFAE-11B9-4CBE-8DC6-169EB1CBA894}
	EndGlobalSection
EndGlobal
