
Microsoft Visual Studio Solution File, Format Version 12.00
# Visual Studio Version 16
VisualStudioVersion = 16.0.31410.357
MinimumVisualStudioVersion = 10.0.40219.1
Project("{2150E333-8FDC-42A3-9474-1A3956D46DE8}") = "Api", "Api", "{70B7271F-E447-43C5-BAA8-589464D1D8BF}"
EndProject
Project("{2150E333-8FDC-42A3-9474-1A3956D46DE8}") = "Common", "Common", "{049DA5C5-28A5-44E0-B156-4549F8DF4519}"
EndProject
Project("{2150E333-8FDC-42A3-9474-1A3956D46DE8}") = "Modules", "Modules", "{A0D0611E-1591-41C1-BD4D-80AE8F7D20C2}"
EndProject
Project("{2150E333-8FDC-42A3-9474-1A3956D46DE8}") = "Framework", "Framework", "{2170BD93-2350-414A-BA0F-BE1E71ABFF68}"
EndProject
Project("{9A19103F-16F7-4668-BE54-9A1E7A4F7556}") = "Gardener.Api.Core", "Api\Gardener.Api.Core\Gardener.Api.Core.csproj", "{4206BB4D-29BA-45C0-BCE8-F7B1F6184989}"
EndProject
Project("{9A19103F-16F7-4668-BE54-9A1E7A4F7556}") = "Gardener.Api.Entry", "Api\Gardener.Api.Entry\Gardener.Api.Entry.csproj", "{55F4587F-152D-45C2-8F42-24AE7E88FFEB}"
EndProject
Project("{9A19103F-16F7-4668-BE54-9A1E7A4F7556}") = "Gardener", "Modules\Framework\Gardener\Gardener.csproj", "{DE6C6BB3-63E4-4904-A353-F0E583F85C8A}"
EndProject
Project("{9A19103F-16F7-4668-BE54-9A1E7A4F7556}") = "Gardener.Attachment", "Modules\Framework\Gardener.Attachment\Gardener.Attachment.csproj", "{E2FAE5BB-E1CC-4239-B24D-A49B44FD437F}"
EndProject
Project("{9A19103F-16F7-4668-BE54-9A1E7A4F7556}") = "Gardener.Audit", "Modules\Framework\Gardener.Audit\Gardener.Audit.csproj", "{D4533C80-F32C-4FB1-9C00-0E0A59DFB89C}"
EndProject
Project("{9A19103F-16F7-4668-BE54-9A1E7A4F7556}") = "Gardener.Authorization", "Modules\Framework\Gardener.Authorization\Gardener.Authorization.csproj", "{AAFDA732-2E98-4609-909E-CACC8C08B39B}"
EndProject
Project("{9A19103F-16F7-4668-BE54-9A1E7A4F7556}") = "Gardener.Base", "Modules\Framework\Gardener.Base\Gardener.Base.csproj", "{F6876FD6-3B1B-42BD-BBBE-72A323AA8AC5}"
EndProject
Project("{9A19103F-16F7-4668-BE54-9A1E7A4F7556}") = "Gardener.CodeGeneration", "Modules\Framework\Gardener.CodeGeneration\Gardener.CodeGeneration.csproj", "{B0650E6B-7E57-4F3B-A191-2DB96FD18CBC}"
EndProject
Project("{9A19103F-16F7-4668-BE54-9A1E7A4F7556}") = "Gardener.EntityFramwork", "Modules\Framework\Gardener.EntityFramwork\Gardener.EntityFramwork.csproj", "{FB376C89-20B2-48DA-A1FA-0FB32A19C7A7}"
EndProject
Project("{9A19103F-16F7-4668-BE54-9A1E7A4F7556}") = "Gardener.FileStore", "Modules\Framework\Gardener.FileStore\Gardener.FileStore.csproj", "{E696D0DA-1912-4B16-8EAA-0630B6E68ED1}"
EndProject
Project("{9A19103F-16F7-4668-BE54-9A1E7A4F7556}") = "Gardener.ImageVerifyCode", "Modules\Framework\Gardener.ImageVerifyCode\Gardener.ImageVerifyCode.csproj", "{206CD795-81DE-4478-A595-F8338DB98EBA}"
EndProject
Project("{9A19103F-16F7-4668-BE54-9A1E7A4F7556}") = "Gardener.ImageVerifyCode.DbStore", "Modules\Framework\Gardener.ImageVerifyCode.DbStore\Gardener.ImageVerifyCode.DbStore.csproj", "{F2F68A2E-12B5-4B45-95EF-042DE24D3EEE}"
EndProject
Project("{9A19103F-16F7-4668-BE54-9A1E7A4F7556}") = "Gardener.Attributes", "Common\Gardener.Attributes\Gardener.Attributes.csproj", "{5B84DD62-897C-44BA-B77D-F6886AAE2287}"
EndProject
Project("{9A19103F-16F7-4668-BE54-9A1E7A4F7556}") = "Gardener.Common", "Common\Gardener.Common\Gardener.Common.csproj", "{AC87E521-246E-4728-B817-429ADEA26750}"
EndProject
Project("{9A19103F-16F7-4668-BE54-9A1E7A4F7556}") = "Gardener.Enums", "Common\Gardener.Enums\Gardener.Enums.csproj", "{AB33FC76-30D6-4643-B050-0DA4659A0FAE}"
EndProject
Project("{9A19103F-16F7-4668-BE54-9A1E7A4F7556}") = "Gardener.Swagger", "Modules\Framework\Gardener.Swagger\Gardener.Swagger.csproj", "{D438EEE8-977F-43E7-AB25-D9DBC3CA9C1C}"
EndProject
Project("{9A19103F-16F7-4668-BE54-9A1E7A4F7556}") = "Gardener.Authentication", "Modules\Framework\Gardener.Authentication\Gardener.Authentication.csproj", "{F7D5063F-C475-4E04-86CF-6587011F5088}"
EndProject
Project("{2150E333-8FDC-42A3-9474-1A3956D46DE8}") = "UserCenter", "UserCenter", "{C6D7D663-25AF-4100-89B2-EF744CC9D74F}"
EndProject
Project("{9A19103F-16F7-4668-BE54-9A1E7A4F7556}") = "Gardener.UserCenter", "Modules\UserCenter\Gardener.UserCenter\Gardener.UserCenter.csproj", "{408DEE35-1005-4801-AB93-92EC3B43B811}"
EndProject
Project("{9A19103F-16F7-4668-BE54-9A1E7A4F7556}") = "Gardener.UserCenter.Impl", "Modules\UserCenter\Gardener.UserCenter.Impl\Gardener.UserCenter.Impl.csproj", "{045DD284-A355-475C-A2E1-704343E5B655}"
EndProject
Project("{2150E333-8FDC-42A3-9474-1A3956D46DE8}") = "Client", "Client", "{4FBB8EA4-A1F9-48AA-A693-382664D2C1E3}"
EndProject
Project("{9A19103F-16F7-4668-BE54-9A1E7A4F7556}") = "Gardener.Client.Core", "Client\Gardener.Client.Core\Gardener.Client.Core.csproj", "{299233AF-1D32-4F03-BD61-2CF239162775}"
EndProject
Project("{9A19103F-16F7-4668-BE54-9A1E7A4F7556}") = "Gardener.Authentication.Client", "Modules\Framework\Gardener.Authentication.Client\Gardener.Authentication.Client.csproj", "{25FE8E17-075E-435A-B472-7B56890A1DE5}"
EndProject
Project("{9A19103F-16F7-4668-BE54-9A1E7A4F7556}") = "Gardener.Audit.Client", "Modules\Framework\Gardener.Audit.Client\Gardener.Audit.Client.csproj", "{3A26B12F-36D2-4821-A1CB-ABF9771F812A}"
EndProject
Project("{9A19103F-16F7-4668-BE54-9A1E7A4F7556}") = "Gardener.Attachment.Client", "Modules\Framework\Gardener.Attachment.Client\Gardener.Attachment.Client.csproj", "{DC288F1F-D81E-4983-81EB-37F88F1630C1}"
EndProject
Project("{9A19103F-16F7-4668-BE54-9A1E7A4F7556}") = "Gardener.CodeGeneration.Client", "Modules\Framework\Gardener.CodeGeneration.Client\Gardener.CodeGeneration.Client.csproj", "{95560B01-3C65-4FEC-80E0-88C8A3EA7397}"
EndProject
Project("{9A19103F-16F7-4668-BE54-9A1E7A4F7556}") = "Gardener.ImageVerifyCode.Client", "Modules\Framework\Gardener.ImageVerifyCode.Client\Gardener.ImageVerifyCode.Client.csproj", "{B46D8F02-C03E-4B17-B07A-1D3503A85370}"
EndProject
Project("{9A19103F-16F7-4668-BE54-9A1E7A4F7556}") = "Gardener.UserCenter.Client", "Modules\UserCenter\Gardener.UserCenter.Client\Gardener.UserCenter.Client.csproj", "{FA1ED94F-1935-4206-9F35-E4B519345A2F}"
EndProject
Project("{9A19103F-16F7-4668-BE54-9A1E7A4F7556}") = "Gardener.Swagger.Client", "Modules\Framework\Gardener.Swagger.Client\Gardener.Swagger.Client.csproj", "{11F9ABA5-F6FB-4F59-B9F7-808EF8E77F08}"
EndProject
Project("{9A19103F-16F7-4668-BE54-9A1E7A4F7556}") = "Gardener.Client.Base", "Client\Gardener.Client.Base\Gardener.Client.Base.csproj", "{94E50689-4D3B-4733-AA47-DA58F4BF93B7}"
EndProject
Project("{9A19103F-16F7-4668-BE54-9A1E7A4F7556}") = "Gardener.Client.Entry", "Client\Gardener.Client.Entry\Gardener.Client.Entry.csproj", "{2A079B52-D3CA-4D22-8E05-35304DBC6EBD}"
EndProject
Project("{9A19103F-16F7-4668-BE54-9A1E7A4F7556}") = "Gardener.Entry", "Gardener.Entry\Gardener.Entry.csproj", "{7C766D7C-876E-4513-9406-74B3A5CF2589}"
EndProject
Global
	GlobalSection(SolutionConfigurationPlatforms) = preSolution
		Debug|Any CPU = Debug|Any CPU
		Release|Any CPU = Release|Any CPU
	EndGlobalSection
	GlobalSection(ProjectConfigurationPlatforms) = postSolution
		{4206BB4D-29BA-45C0-BCE8-F7B1F6184989}.Debug|Any CPU.ActiveCfg = Debug|Any CPU
		{4206BB4D-29BA-45C0-BCE8-F7B1F6184989}.Debug|Any CPU.Build.0 = Debug|Any CPU
		{4206BB4D-29BA-45C0-BCE8-F7B1F6184989}.Release|Any CPU.ActiveCfg = Release|Any CPU
		{4206BB4D-29BA-45C0-BCE8-F7B1F6184989}.Release|Any CPU.Build.0 = Release|Any CPU
		{55F4587F-152D-45C2-8F42-24AE7E88FFEB}.Debug|Any CPU.ActiveCfg = Debug|Any CPU
		{55F4587F-152D-45C2-8F42-24AE7E88FFEB}.Debug|Any CPU.Build.0 = Debug|Any CPU
		{55F4587F-152D-45C2-8F42-24AE7E88FFEB}.Release|Any CPU.ActiveCfg = Release|Any CPU
		{55F4587F-152D-45C2-8F42-24AE7E88FFEB}.Release|Any CPU.Build.0 = Release|Any CPU
		{DE6C6BB3-63E4-4904-A353-F0E583F85C8A}.Debug|Any CPU.ActiveCfg = Debug|Any CPU
		{DE6C6BB3-63E4-4904-A353-F0E583F85C8A}.Debug|Any CPU.Build.0 = Debug|Any CPU
		{DE6C6BB3-63E4-4904-A353-F0E583F85C8A}.Release|Any CPU.ActiveCfg = Release|Any CPU
		{DE6C6BB3-63E4-4904-A353-F0E583F85C8A}.Release|Any CPU.Build.0 = Release|Any CPU
		{E2FAE5BB-E1CC-4239-B24D-A49B44FD437F}.Debug|Any CPU.ActiveCfg = Debug|Any CPU
		{E2FAE5BB-E1CC-4239-B24D-A49B44FD437F}.Debug|Any CPU.Build.0 = Debug|Any CPU
		{E2FAE5BB-E1CC-4239-B24D-A49B44FD437F}.Release|Any CPU.ActiveCfg = Release|Any CPU
		{E2FAE5BB-E1CC-4239-B24D-A49B44FD437F}.Release|Any CPU.Build.0 = Release|Any CPU
		{D4533C80-F32C-4FB1-9C00-0E0A59DFB89C}.Debug|Any CPU.ActiveCfg = Debug|Any CPU
		{D4533C80-F32C-4FB1-9C00-0E0A59DFB89C}.Debug|Any CPU.Build.0 = Debug|Any CPU
		{D4533C80-F32C-4FB1-9C00-0E0A59DFB89C}.Release|Any CPU.ActiveCfg = Release|Any CPU
		{D4533C80-F32C-4FB1-9C00-0E0A59DFB89C}.Release|Any CPU.Build.0 = Release|Any CPU
		{AAFDA732-2E98-4609-909E-CACC8C08B39B}.Debug|Any CPU.ActiveCfg = Debug|Any CPU
		{AAFDA732-2E98-4609-909E-CACC8C08B39B}.Debug|Any CPU.Build.0 = Debug|Any CPU
		{AAFDA732-2E98-4609-909E-CACC8C08B39B}.Release|Any CPU.ActiveCfg = Release|Any CPU
		{AAFDA732-2E98-4609-909E-CACC8C08B39B}.Release|Any CPU.Build.0 = Release|Any CPU
		{F6876FD6-3B1B-42BD-BBBE-72A323AA8AC5}.Debug|Any CPU.ActiveCfg = Debug|Any CPU
		{F6876FD6-3B1B-42BD-BBBE-72A323AA8AC5}.Debug|Any CPU.Build.0 = Debug|Any CPU
		{F6876FD6-3B1B-42BD-BBBE-72A323AA8AC5}.Release|Any CPU.ActiveCfg = Release|Any CPU
		{F6876FD6-3B1B-42BD-BBBE-72A323AA8AC5}.Release|Any CPU.Build.0 = Release|Any CPU
		{B0650E6B-7E57-4F3B-A191-2DB96FD18CBC}.Debug|Any CPU.ActiveCfg = Debug|Any CPU
		{B0650E6B-7E57-4F3B-A191-2DB96FD18CBC}.Debug|Any CPU.Build.0 = Debug|Any CPU
		{B0650E6B-7E57-4F3B-A191-2DB96FD18CBC}.Release|Any CPU.ActiveCfg = Release|Any CPU
		{B0650E6B-7E57-4F3B-A191-2DB96FD18CBC}.Release|Any CPU.Build.0 = Release|Any CPU
		{FB376C89-20B2-48DA-A1FA-0FB32A19C7A7}.Debug|Any CPU.ActiveCfg = Debug|Any CPU
		{FB376C89-20B2-48DA-A1FA-0FB32A19C7A7}.Debug|Any CPU.Build.0 = Debug|Any CPU
		{FB376C89-20B2-48DA-A1FA-0FB32A19C7A7}.Release|Any CPU.ActiveCfg = Release|Any CPU
		{FB376C89-20B2-48DA-A1FA-0FB32A19C7A7}.Release|Any CPU.Build.0 = Release|Any CPU
		{E696D0DA-1912-4B16-8EAA-0630B6E68ED1}.Debug|Any CPU.ActiveCfg = Debug|Any CPU
		{E696D0DA-1912-4B16-8EAA-0630B6E68ED1}.Debug|Any CPU.Build.0 = Debug|Any CPU
		{E696D0DA-1912-4B16-8EAA-0630B6E68ED1}.Release|Any CPU.ActiveCfg = Release|Any CPU
		{E696D0DA-1912-4B16-8EAA-0630B6E68ED1}.Release|Any CPU.Build.0 = Release|Any CPU
		{206CD795-81DE-4478-A595-F8338DB98EBA}.Debug|Any CPU.ActiveCfg = Debug|Any CPU
		{206CD795-81DE-4478-A595-F8338DB98EBA}.Debug|Any CPU.Build.0 = Debug|Any CPU
		{206CD795-81DE-4478-A595-F8338DB98EBA}.Release|Any CPU.ActiveCfg = Release|Any CPU
		{206CD795-81DE-4478-A595-F8338DB98EBA}.Release|Any CPU.Build.0 = Release|Any CPU
		{F2F68A2E-12B5-4B45-95EF-042DE24D3EEE}.Debug|Any CPU.ActiveCfg = Debug|Any CPU
		{F2F68A2E-12B5-4B45-95EF-042DE24D3EEE}.Debug|Any CPU.Build.0 = Debug|Any CPU
		{F2F68A2E-12B5-4B45-95EF-042DE24D3EEE}.Release|Any CPU.ActiveCfg = Release|Any CPU
		{F2F68A2E-12B5-4B45-95EF-042DE24D3EEE}.Release|Any CPU.Build.0 = Release|Any CPU
		{5B84DD62-897C-44BA-B77D-F6886AAE2287}.Debug|Any CPU.ActiveCfg = Debug|Any CPU
		{5B84DD62-897C-44BA-B77D-F6886AAE2287}.Debug|Any CPU.Build.0 = Debug|Any CPU
		{5B84DD62-897C-44BA-B77D-F6886AAE2287}.Release|Any CPU.ActiveCfg = Release|Any CPU
		{5B84DD62-897C-44BA-B77D-F6886AAE2287}.Release|Any CPU.Build.0 = Release|Any CPU
		{AC87E521-246E-4728-B817-429ADEA26750}.Debug|Any CPU.ActiveCfg = Debug|Any CPU
		{AC87E521-246E-4728-B817-429ADEA26750}.Debug|Any CPU.Build.0 = Debug|Any CPU
		{AC87E521-246E-4728-B817-429ADEA26750}.Release|Any CPU.ActiveCfg = Release|Any CPU
		{AC87E521-246E-4728-B817-429ADEA26750}.Release|Any CPU.Build.0 = Release|Any CPU
		{AB33FC76-30D6-4643-B050-0DA4659A0FAE}.Debug|Any CPU.ActiveCfg = Debug|Any CPU
		{AB33FC76-30D6-4643-B050-0DA4659A0FAE}.Debug|Any CPU.Build.0 = Debug|Any CPU
		{AB33FC76-30D6-4643-B050-0DA4659A0FAE}.Release|Any CPU.ActiveCfg = Release|Any CPU
		{AB33FC76-30D6-4643-B050-0DA4659A0FAE}.Release|Any CPU.Build.0 = Release|Any CPU
		{D438EEE8-977F-43E7-AB25-D9DBC3CA9C1C}.Debug|Any CPU.ActiveCfg = Debug|Any CPU
		{D438EEE8-977F-43E7-AB25-D9DBC3CA9C1C}.Debug|Any CPU.Build.0 = Debug|Any CPU
		{D438EEE8-977F-43E7-AB25-D9DBC3CA9C1C}.Release|Any CPU.ActiveCfg = Release|Any CPU
		{D438EEE8-977F-43E7-AB25-D9DBC3CA9C1C}.Release|Any CPU.Build.0 = Release|Any CPU
		{F7D5063F-C475-4E04-86CF-6587011F5088}.Debug|Any CPU.ActiveCfg = Debug|Any CPU
		{F7D5063F-C475-4E04-86CF-6587011F5088}.Debug|Any CPU.Build.0 = Debug|Any CPU
		{F7D5063F-C475-4E04-86CF-6587011F5088}.Release|Any CPU.ActiveCfg = Release|Any CPU
		{F7D5063F-C475-4E04-86CF-6587011F5088}.Release|Any CPU.Build.0 = Release|Any CPU
		{408DEE35-1005-4801-AB93-92EC3B43B811}.Debug|Any CPU.ActiveCfg = Debug|Any CPU
		{408DEE35-1005-4801-AB93-92EC3B43B811}.Debug|Any CPU.Build.0 = Debug|Any CPU
		{408DEE35-1005-4801-AB93-92EC3B43B811}.Release|Any CPU.ActiveCfg = Release|Any CPU
		{408DEE35-1005-4801-AB93-92EC3B43B811}.Release|Any CPU.Build.0 = Release|Any CPU
		{045DD284-A355-475C-A2E1-704343E5B655}.Debug|Any CPU.ActiveCfg = Debug|Any CPU
		{045DD284-A355-475C-A2E1-704343E5B655}.Debug|Any CPU.Build.0 = Debug|Any CPU
		{045DD284-A355-475C-A2E1-704343E5B655}.Release|Any CPU.ActiveCfg = Release|Any CPU
		{045DD284-A355-475C-A2E1-704343E5B655}.Release|Any CPU.Build.0 = Release|Any CPU
		{299233AF-1D32-4F03-BD61-2CF239162775}.Debug|Any CPU.ActiveCfg = Debug|Any CPU
		{299233AF-1D32-4F03-BD61-2CF239162775}.Debug|Any CPU.Build.0 = Debug|Any CPU
		{299233AF-1D32-4F03-BD61-2CF239162775}.Release|Any CPU.ActiveCfg = Release|Any CPU
		{299233AF-1D32-4F03-BD61-2CF239162775}.Release|Any CPU.Build.0 = Release|Any CPU
		{25FE8E17-075E-435A-B472-7B56890A1DE5}.Debug|Any CPU.ActiveCfg = Debug|Any CPU
		{25FE8E17-075E-435A-B472-7B56890A1DE5}.Debug|Any CPU.Build.0 = Debug|Any CPU
		{25FE8E17-075E-435A-B472-7B56890A1DE5}.Release|Any CPU.ActiveCfg = Release|Any CPU
		{25FE8E17-075E-435A-B472-7B56890A1DE5}.Release|Any CPU.Build.0 = Release|Any CPU
		{3A26B12F-36D2-4821-A1CB-ABF9771F812A}.Debug|Any CPU.ActiveCfg = Debug|Any CPU
		{3A26B12F-36D2-4821-A1CB-ABF9771F812A}.Debug|Any CPU.Build.0 = Debug|Any CPU
		{3A26B12F-36D2-4821-A1CB-ABF9771F812A}.Release|Any CPU.ActiveCfg = Release|Any CPU
		{3A26B12F-36D2-4821-A1CB-ABF9771F812A}.Release|Any CPU.Build.0 = Release|Any CPU
		{DC288F1F-D81E-4983-81EB-37F88F1630C1}.Debug|Any CPU.ActiveCfg = Debug|Any CPU
		{DC288F1F-D81E-4983-81EB-37F88F1630C1}.Debug|Any CPU.Build.0 = Debug|Any CPU
		{DC288F1F-D81E-4983-81EB-37F88F1630C1}.Release|Any CPU.ActiveCfg = Release|Any CPU
		{DC288F1F-D81E-4983-81EB-37F88F1630C1}.Release|Any CPU.Build.0 = Release|Any CPU
		{95560B01-3C65-4FEC-80E0-88C8A3EA7397}.Debug|Any CPU.ActiveCfg = Debug|Any CPU
		{95560B01-3C65-4FEC-80E0-88C8A3EA7397}.Debug|Any CPU.Build.0 = Debug|Any CPU
		{95560B01-3C65-4FEC-80E0-88C8A3EA7397}.Release|Any CPU.ActiveCfg = Release|Any CPU
		{95560B01-3C65-4FEC-80E0-88C8A3EA7397}.Release|Any CPU.Build.0 = Release|Any CPU
		{B46D8F02-C03E-4B17-B07A-1D3503A85370}.Debug|Any CPU.ActiveCfg = Debug|Any CPU
		{B46D8F02-C03E-4B17-B07A-1D3503A85370}.Debug|Any CPU.Build.0 = Debug|Any CPU
		{B46D8F02-C03E-4B17-B07A-1D3503A85370}.Release|Any CPU.ActiveCfg = Release|Any CPU
		{B46D8F02-C03E-4B17-B07A-1D3503A85370}.Release|Any CPU.Build.0 = Release|Any CPU
		{FA1ED94F-1935-4206-9F35-E4B519345A2F}.Debug|Any CPU.ActiveCfg = Debug|Any CPU
		{FA1ED94F-1935-4206-9F35-E4B519345A2F}.Debug|Any CPU.Build.0 = Debug|Any CPU
		{FA1ED94F-1935-4206-9F35-E4B519345A2F}.Release|Any CPU.ActiveCfg = Release|Any CPU
		{FA1ED94F-1935-4206-9F35-E4B519345A2F}.Release|Any CPU.Build.0 = Release|Any CPU
		{11F9ABA5-F6FB-4F59-B9F7-808EF8E77F08}.Debug|Any CPU.ActiveCfg = Debug|Any CPU
		{11F9ABA5-F6FB-4F59-B9F7-808EF8E77F08}.Debug|Any CPU.Build.0 = Debug|Any CPU
		{11F9ABA5-F6FB-4F59-B9F7-808EF8E77F08}.Release|Any CPU.ActiveCfg = Release|Any CPU
		{11F9ABA5-F6FB-4F59-B9F7-808EF8E77F08}.Release|Any CPU.Build.0 = Release|Any CPU
		{94E50689-4D3B-4733-AA47-DA58F4BF93B7}.Debug|Any CPU.ActiveCfg = Debug|Any CPU
		{94E50689-4D3B-4733-AA47-DA58F4BF93B7}.Debug|Any CPU.Build.0 = Debug|Any CPU
		{94E50689-4D3B-4733-AA47-DA58F4BF93B7}.Release|Any CPU.ActiveCfg = Release|Any CPU
		{94E50689-4D3B-4733-AA47-DA58F4BF93B7}.Release|Any CPU.Build.0 = Release|Any CPU
		{2A079B52-D3CA-4D22-8E05-35304DBC6EBD}.Debug|Any CPU.ActiveCfg = Debug|Any CPU
		{2A079B52-D3CA-4D22-8E05-35304DBC6EBD}.Debug|Any CPU.Build.0 = Debug|Any CPU
		{2A079B52-D3CA-4D22-8E05-35304DBC6EBD}.Release|Any CPU.ActiveCfg = Release|Any CPU
		{2A079B52-D3CA-4D22-8E05-35304DBC6EBD}.Release|Any CPU.Build.0 = Release|Any CPU
		{7C766D7C-876E-4513-9406-74B3A5CF2589}.Debug|Any CPU.ActiveCfg = Debug|Any CPU
		{7C766D7C-876E-4513-9406-74B3A5CF2589}.Debug|Any CPU.Build.0 = Debug|Any CPU
		{7C766D7C-876E-4513-9406-74B3A5CF2589}.Release|Any CPU.ActiveCfg = Release|Any CPU
		{7C766D7C-876E-4513-9406-74B3A5CF2589}.Release|Any CPU.Build.0 = Release|Any CPU
	EndGlobalSection
	GlobalSection(SolutionProperties) = preSolution
		HideSolutionNode = FALSE
	EndGlobalSection
	GlobalSection(NestedProjects) = preSolution
		{2170BD93-2350-414A-BA0F-BE1E71ABFF68} = {A0D0611E-1591-41C1-BD4D-80AE8F7D20C2}
		{4206BB4D-29BA-45C0-BCE8-F7B1F6184989} = {70B7271F-E447-43C5-BAA8-589464D1D8BF}
		{55F4587F-152D-45C2-8F42-24AE7E88FFEB} = {70B7271F-E447-43C5-BAA8-589464D1D8BF}
		{DE6C6BB3-63E4-4904-A353-F0E583F85C8A} = {2170BD93-2350-414A-BA0F-BE1E71ABFF68}
		{E2FAE5BB-E1CC-4239-B24D-A49B44FD437F} = {2170BD93-2350-414A-BA0F-BE1E71ABFF68}
		{D4533C80-F32C-4FB1-9C00-0E0A59DFB89C} = {2170BD93-2350-414A-BA0F-BE1E71ABFF68}
		{AAFDA732-2E98-4609-909E-CACC8C08B39B} = {2170BD93-2350-414A-BA0F-BE1E71ABFF68}
		{F6876FD6-3B1B-42BD-BBBE-72A323AA8AC5} = {2170BD93-2350-414A-BA0F-BE1E71ABFF68}
		{B0650E6B-7E57-4F3B-A191-2DB96FD18CBC} = {2170BD93-2350-414A-BA0F-BE1E71ABFF68}
		{FB376C89-20B2-48DA-A1FA-0FB32A19C7A7} = {2170BD93-2350-414A-BA0F-BE1E71ABFF68}
		{E696D0DA-1912-4B16-8EAA-0630B6E68ED1} = {2170BD93-2350-414A-BA0F-BE1E71ABFF68}
		{206CD795-81DE-4478-A595-F8338DB98EBA} = {2170BD93-2350-414A-BA0F-BE1E71ABFF68}
		{F2F68A2E-12B5-4B45-95EF-042DE24D3EEE} = {2170BD93-2350-414A-BA0F-BE1E71ABFF68}
		{5B84DD62-897C-44BA-B77D-F6886AAE2287} = {049DA5C5-28A5-44E0-B156-4549F8DF4519}
		{AC87E521-246E-4728-B817-429ADEA26750} = {049DA5C5-28A5-44E0-B156-4549F8DF4519}
		{AB33FC76-30D6-4643-B050-0DA4659A0FAE} = {049DA5C5-28A5-44E0-B156-4549F8DF4519}
		{D438EEE8-977F-43E7-AB25-D9DBC3CA9C1C} = {2170BD93-2350-414A-BA0F-BE1E71ABFF68}
		{F7D5063F-C475-4E04-86CF-6587011F5088} = {2170BD93-2350-414A-BA0F-BE1E71ABFF68}
		{C6D7D663-25AF-4100-89B2-EF744CC9D74F} = {A0D0611E-1591-41C1-BD4D-80AE8F7D20C2}
		{408DEE35-1005-4801-AB93-92EC3B43B811} = {C6D7D663-25AF-4100-89B2-EF744CC9D74F}
		{045DD284-A355-475C-A2E1-704343E5B655} = {C6D7D663-25AF-4100-89B2-EF744CC9D74F}
		{299233AF-1D32-4F03-BD61-2CF239162775} = {4FBB8EA4-A1F9-48AA-A693-382664D2C1E3}
		{25FE8E17-075E-435A-B472-7B56890A1DE5} = {2170BD93-2350-414A-BA0F-BE1E71ABFF68}
		{3A26B12F-36D2-4821-A1CB-ABF9771F812A} = {2170BD93-2350-414A-BA0F-BE1E71ABFF68}
		{DC288F1F-D81E-4983-81EB-37F88F1630C1} = {2170BD93-2350-414A-BA0F-BE1E71ABFF68}
		{95560B01-3C65-4FEC-80E0-88C8A3EA7397} = {2170BD93-2350-414A-BA0F-BE1E71ABFF68}
		{B46D8F02-C03E-4B17-B07A-1D3503A85370} = {2170BD93-2350-414A-BA0F-BE1E71ABFF68}
		{FA1ED94F-1935-4206-9F35-E4B519345A2F} = {C6D7D663-25AF-4100-89B2-EF744CC9D74F}
		{11F9ABA5-F6FB-4F59-B9F7-808EF8E77F08} = {2170BD93-2350-414A-BA0F-BE1E71ABFF68}
		{94E50689-4D3B-4733-AA47-DA58F4BF93B7} = {4FBB8EA4-A1F9-48AA-A693-382664D2C1E3}
		{2A079B52-D3CA-4D22-8E05-35304DBC6EBD} = {4FBB8EA4-A1F9-48AA-A693-382664D2C1E3}
	EndGlobalSection
	GlobalSection(ExtensibilityGlobals) = postSolution
		SolutionGuid = {C032A5FB-7757-4E89-86BE-9C6CE6CAD014}
	EndGlobalSection
EndGlobal
