
Microsoft Visual Studio Solution File, Format Version 12.00
# Visual Studio Version 17
VisualStudioVersion = 17.5.33402.96
MinimumVisualStudioVersion = 10.0.40219.1
Project("{2150E333-8FDC-42A3-9474-1A3956D46DE8}") = "Api", "Api", "{8C5AA6CD-052B-4FBE-A133-22C76B3E7EE7}"
EndProject
Project("{2150E333-8FDC-42A3-9474-1A3956D46DE8}") = "Client", "Client", "{B9BBB9DA-352F-4BC9-AD3B-B917C452A3C4}"
EndProject
Project("{2150E333-8FDC-42A3-9474-1A3956D46DE8}") = "Common", "Common", "{17EC9674-80A1-4762-8244-D45EB38BCA39}"
EndProject
Project("{2150E333-8FDC-42A3-9474-1A3956D46DE8}") = "Modules", "Modules", "{88F5772D-F316-4DA3-9C66-A5AAF5169E10}"
EndProject
Project("{2150E333-8FDC-42A3-9474-1A3956D46DE8}") = "Framework", "Framework", "{5F95B684-A373-4F35-ACA0-378C49102692}"
EndProject
Project("{2150E333-8FDC-42A3-9474-1A3956D46DE8}") = "UserCenter", "UserCenter", "{AD8BD102-E764-40DB-B414-E400B81FFE14}"
EndProject
Project("{9A19103F-16F7-4668-BE54-9A1E7A4F7556}") = "Gardener.Api.Core", "Api\Gardener.Api.Core\Gardener.Api.Core.csproj", "{EE37A7FD-0969-4E5C-8ECD-CB720737722C}"
EndProject
Project("{9A19103F-16F7-4668-BE54-9A1E7A4F7556}") = "Gardener.Api.Entry", "Api\Gardener.Api.Entry\Gardener.Api.Entry.csproj", "{489DDA52-F8C5-4202-AEBA-BE8B00AF0D3A}"
EndProject
Project("{9A19103F-16F7-4668-BE54-9A1E7A4F7556}") = "Gardener.Client.Base", "Client\Gardener.Client.Base\Gardener.Client.Base.csproj", "{02304566-3504-4A0B-8773-E41CBAC09996}"
EndProject
Project("{9A19103F-16F7-4668-BE54-9A1E7A4F7556}") = "Gardener.Client.Core", "Client\Gardener.Client.Core\Gardener.Client.Core.csproj", "{9E86C53F-FC7C-4801-9C54-F195CFD4D6BE}"
EndProject
Project("{9A19103F-16F7-4668-BE54-9A1E7A4F7556}") = "Gardener.Client.BootstrapUi.Base", "Client\BootstrapClient\Gardener.Client.BootstrapUi.Base\Gardener.Client.BootstrapUi.Base.csproj", "{CE639294-05FF-4853-A6FE-0447AAFE51F7}"
EndProject
Project("{9A19103F-16F7-4668-BE54-9A1E7A4F7556}") = "Gardener.Client.BootstrapUi", "Client\BootstrapClient\Gardener.Client.BootstrapUi\Gardener.Client.BootstrapUi.csproj", "{25B78F8C-EB56-46A7-9DCB-32C545C04289}"
EndProject
Project("{9A19103F-16F7-4668-BE54-9A1E7A4F7556}") = "Gardener.Client.BootstrapUi.Entry", "Client\BootstrapClient\Gardener.Client.BootstrapUi.Entry\Gardener.Client.BootstrapUi.Entry.csproj", "{CF23C32D-9A1D-4E6B-B2C3-DABB88531085}"
EndProject
Project("{9A19103F-16F7-4668-BE54-9A1E7A4F7556}") = "Gardener.Attributes", "Common\Gardener.Attributes\Gardener.Attributes.csproj", "{1636663E-6E04-454D-9575-A7E043C83FA6}"
EndProject
Project("{9A19103F-16F7-4668-BE54-9A1E7A4F7556}") = "Gardener.Common", "Common\Gardener.Common\Gardener.Common.csproj", "{D1D2154D-6051-42CF-A1DF-159ED09F4756}"
EndProject
Project("{9A19103F-16F7-4668-BE54-9A1E7A4F7556}") = "Gardener.Enums", "Common\Gardener.Enums\Gardener.Enums.csproj", "{6894A287-5EEF-4A42-B12F-A91E254D0D66}"
EndProject
Project("{9A19103F-16F7-4668-BE54-9A1E7A4F7556}") = "Gardener.UserCenter", "Modules\UserCenter\Gardener.UserCenter\Gardener.UserCenter.csproj", "{89F9FCED-3682-4CD8-A62C-02380DAEA318}"
EndProject
Project("{9A19103F-16F7-4668-BE54-9A1E7A4F7556}") = "Gardener.UserCenter.Client.Services", "Modules\UserCenter\Gardener.UserCenter.Client.Services\Gardener.UserCenter.Client.Services.csproj", "{E972771B-F0B2-456A-BA99-B3147BE864E3}"
EndProject
Project("{9A19103F-16F7-4668-BE54-9A1E7A4F7556}") = "Gardener.UserCenter.Impl", "Modules\UserCenter\Gardener.UserCenter.Impl\Gardener.UserCenter.Impl.csproj", "{5360D3E7-3A4A-4C1B-B7D2-043A496D4B3E}"
EndProject
Project("{9A19103F-16F7-4668-BE54-9A1E7A4F7556}") = "Gardener.UserCenter.Client.BootstrapUi", "Modules\UserCenter\Gardener.UserCenter.Client.BootstrapUi\Gardener.UserCenter.Client.BootstrapUi.csproj", "{F457B55D-A433-46AF-9F16-21A82F28AEC7}"
EndProject
Project("{9A19103F-16F7-4668-BE54-9A1E7A4F7556}") = "Gardener", "Modules\Framework\Gardener\Gardener.csproj", "{77F1EB09-DE6E-46BB-BB0F-E44796B53693}"
EndProject
Project("{9A19103F-16F7-4668-BE54-9A1E7A4F7556}") = "Gardener.Attachment", "Modules\Framework\Gardener.Attachment\Gardener.Attachment.csproj", "{478CD15C-A89C-42D9-9A5C-EFDD8D178C20}"
EndProject
Project("{9A19103F-16F7-4668-BE54-9A1E7A4F7556}") = "Gardener.Audit", "Modules\Framework\Gardener.Audit\Gardener.Audit.csproj", "{5412FF7E-018B-4E38-8EFB-6032A85A0FC6}"
EndProject
Project("{9A19103F-16F7-4668-BE54-9A1E7A4F7556}") = "Gardener.Authentication", "Modules\Framework\Gardener.Authentication\Gardener.Authentication.csproj", "{2FCA6EC4-49F7-42FB-9096-29038CEDDC29}"
EndProject
Project("{9A19103F-16F7-4668-BE54-9A1E7A4F7556}") = "Gardener.Authorization", "Modules\Framework\Gardener.Authorization\Gardener.Authorization.csproj", "{EB202FD5-40F1-4CE5-B5D9-0F42658B3E24}"
EndProject
Project("{9A19103F-16F7-4668-BE54-9A1E7A4F7556}") = "Gardener.Base", "Modules\Framework\Gardener.Base\Gardener.Base.csproj", "{BAFF5541-A35B-40E8-8942-5359EC215EAC}"
EndProject
Project("{9A19103F-16F7-4668-BE54-9A1E7A4F7556}") = "Gardener.Base.Entity", "Modules\Framework\Gardener.Base.Entity\Gardener.Base.Entity.csproj", "{92C82A26-235E-41A5-AEC3-1DC5B68F90CB}"
EndProject
Project("{9A19103F-16F7-4668-BE54-9A1E7A4F7556}") = "Gardener.Cache", "Modules\Framework\Gardener.Cache\Gardener.Cache.csproj", "{11DE14D8-1054-41C6-B563-FB4AB739AA26}"
EndProject
Project("{9A19103F-16F7-4668-BE54-9A1E7A4F7556}") = "Gardener.CodeGeneration", "Modules\Framework\Gardener.CodeGeneration\Gardener.CodeGeneration.csproj", "{7E852FE7-C113-4755-A158-F19888798240}"
EndProject
Project("{9A19103F-16F7-4668-BE54-9A1E7A4F7556}") = "Gardener.Email", "Modules\Framework\Gardener.Email\Gardener.Email.csproj", "{7093F2E1-DBF2-4375-BDA0-B33FD3310C36}"
EndProject
Project("{9A19103F-16F7-4668-BE54-9A1E7A4F7556}") = "Gardener.EntityFramwork", "Modules\Framework\Gardener.EntityFramwork\Gardener.EntityFramwork.csproj", "{BD02FCAE-95C1-47CA-8FC9-3866741C4872}"
EndProject
Project("{9A19103F-16F7-4668-BE54-9A1E7A4F7556}") = "Gardener.EventBus", "Modules\Framework\Gardener.EventBus\Gardener.EventBus.csproj", "{B5CD3705-645F-4D8D-9E9A-7AFFEA5F10C1}"
EndProject
Project("{9A19103F-16F7-4668-BE54-9A1E7A4F7556}") = "Gardener.FileStore", "Modules\Framework\Gardener.FileStore\Gardener.FileStore.csproj", "{86F258F2-8DE8-4ED5-BD44-A21304745FF7}"
EndProject
Project("{9A19103F-16F7-4668-BE54-9A1E7A4F7556}") = "Gardener.NotificationSystem", "Modules\Framework\Gardener.NotificationSystem\Gardener.NotificationSystem.csproj", "{C5225BBD-3F5A-4F48-B1B0-2CCCD1468E53}"
EndProject
Project("{9A19103F-16F7-4668-BE54-9A1E7A4F7556}") = "Gardener.NotificationSystem.Client", "Modules\Framework\Gardener.NotificationSystem.Client\Gardener.NotificationSystem.Client.csproj", "{DB3F69B8-4218-49B1-9404-10895C70C958}"
EndProject
Project("{9A19103F-16F7-4668-BE54-9A1E7A4F7556}") = "Gardener.SqlSugar", "Modules\Framework\Gardener.SqlSugar\Gardener.SqlSugar.csproj", "{FB561092-D1FD-49B7-9ECA-CF2E0FC61296}"
EndProject
Project("{9A19103F-16F7-4668-BE54-9A1E7A4F7556}") = "Gardener.Swagger.Client", "Modules\Framework\Gardener.Swagger.Client\Gardener.Swagger.Client.csproj", "{839E685F-2067-4F16-88AD-09418062D83C}"
EndProject
Project("{9A19103F-16F7-4668-BE54-9A1E7A4F7556}") = "Gardener.Swagger", "Modules\Framework\Gardener.Swagger\Gardener.Swagger.csproj", "{F4BC241F-CEBB-4929-B8BC-E65A5DD25B8E}"
EndProject
Project("{9A19103F-16F7-4668-BE54-9A1E7A4F7556}") = "Gardener.SystemManager", "Modules\Framework\Gardener.SystemManager\Gardener.SystemManager.csproj", "{678BF8F0-9D55-4F35-9A38-027E11681375}"
EndProject
Project("{9A19103F-16F7-4668-BE54-9A1E7A4F7556}") = "Gardener.VerifyCode", "Modules\Framework\Gardener.VerifyCode\Gardener.VerifyCode.csproj", "{B758FCF2-9955-4F6E-BAE1-272EF4E6279C}"
EndProject
Project("{9A19103F-16F7-4668-BE54-9A1E7A4F7556}") = "Gardener.VerifyCode.CacheStore", "Modules\Framework\Gardener.VerifyCode.CacheStore\Gardener.VerifyCode.CacheStore.csproj", "{F718FC3E-3AF1-41FD-8DC8-FA9C99A521F4}"
EndProject
Project("{9A19103F-16F7-4668-BE54-9A1E7A4F7556}") = "Gardener.VerifyCode.Client", "Modules\Framework\Gardener.VerifyCode.Client\Gardener.VerifyCode.Client.csproj", "{4FA8753B-9735-4486-AC0F-38E77F24EE46}"
EndProject
Project("{9A19103F-16F7-4668-BE54-9A1E7A4F7556}") = "Gardener.VerifyCode.DbStore", "Modules\Framework\Gardener.VerifyCode.DbStore\Gardener.VerifyCode.DbStore.csproj", "{567ABD63-8809-4D2E-BA23-248AED9D45BE}"
EndProject
Project("{2150E333-8FDC-42A3-9474-1A3956D46DE8}") = "SysTimer", "SysTimer", "{AE89FDE8-8381-45AC-937B-217A940F17EA}"
EndProject
Project("{2150E333-8FDC-42A3-9474-1A3956D46DE8}") = "EasyJob", "EasyJob", "{711CCD8A-6CB0-45C6-B531-6CDBB316893B}"
EndProject
Project("{9A19103F-16F7-4668-BE54-9A1E7A4F7556}") = "Gardener.SysTimer", "Modules\SysTimer\Gardener.SysTimer\Gardener.SysTimer.csproj", "{95157E5D-C5F0-46D0-AE12-1CECE918123F}"
EndProject
Project("{9A19103F-16F7-4668-BE54-9A1E7A4F7556}") = "Gardener.SysTimer.Impl", "Modules\SysTimer\Gardener.SysTimer.Impl\Gardener.SysTimer.Impl.csproj", "{1FABD8A7-6C9A-470D-86D8-B43A387701FB}"
EndProject
Project("{9A19103F-16F7-4668-BE54-9A1E7A4F7556}") = "Furion.TaskScheduler", "Modules\Framework\Furion.TaskScheduler\Furion.TaskScheduler.csproj", "{78A78D73-80DA-48BE-8974-B95EDF083DC1}"
EndProject
Project("{9A19103F-16F7-4668-BE54-9A1E7A4F7556}") = "Gardener.EasyJob", "Modules\EasyJob\Gardener.EasyJob\Gardener.EasyJob.csproj", "{F699FE0F-C056-4802-9FC1-BD929AD106B7}"
EndProject
Project("{9A19103F-16F7-4668-BE54-9A1E7A4F7556}") = "Gardener.EasyJob.Impl", "Modules\EasyJob\Gardener.EasyJob.Impl\Gardener.EasyJob.Impl.csproj", "{0FA956B9-FDA3-4A26-9BDA-CBE8976D4E62}"
EndProject
Project("{9A19103F-16F7-4668-BE54-9A1E7A4F7556}") = "Gardener.EasyJob.Client.Services", "Modules\EasyJob\Gardener.EasyJob.Client.Services\Gardener.EasyJob.Client.Services.csproj", "{13FDFC5E-744A-4B73-AB6D-17B4BC3C6E2E}"
EndProject
Global
	GlobalSection(SolutionConfigurationPlatforms) = preSolution
		Debug|Any CPU = Debug|Any CPU
		Release|Any CPU = Release|Any CPU
	EndGlobalSection
	GlobalSection(ProjectConfigurationPlatforms) = postSolution
		{EE37A7FD-0969-4E5C-8ECD-CB720737722C}.Debug|Any CPU.ActiveCfg = Debug|Any CPU
		{EE37A7FD-0969-4E5C-8ECD-CB720737722C}.Debug|Any CPU.Build.0 = Debug|Any CPU
		{EE37A7FD-0969-4E5C-8ECD-CB720737722C}.Release|Any CPU.ActiveCfg = Release|Any CPU
		{EE37A7FD-0969-4E5C-8ECD-CB720737722C}.Release|Any CPU.Build.0 = Release|Any CPU
		{489DDA52-F8C5-4202-AEBA-BE8B00AF0D3A}.Debug|Any CPU.ActiveCfg = Debug|Any CPU
		{489DDA52-F8C5-4202-AEBA-BE8B00AF0D3A}.Debug|Any CPU.Build.0 = Debug|Any CPU
		{489DDA52-F8C5-4202-AEBA-BE8B00AF0D3A}.Release|Any CPU.ActiveCfg = Release|Any CPU
		{489DDA52-F8C5-4202-AEBA-BE8B00AF0D3A}.Release|Any CPU.Build.0 = Release|Any CPU
		{02304566-3504-4A0B-8773-E41CBAC09996}.Debug|Any CPU.ActiveCfg = Debug|Any CPU
		{02304566-3504-4A0B-8773-E41CBAC09996}.Debug|Any CPU.Build.0 = Debug|Any CPU
		{02304566-3504-4A0B-8773-E41CBAC09996}.Release|Any CPU.ActiveCfg = Release|Any CPU
		{02304566-3504-4A0B-8773-E41CBAC09996}.Release|Any CPU.Build.0 = Release|Any CPU
		{9E86C53F-FC7C-4801-9C54-F195CFD4D6BE}.Debug|Any CPU.ActiveCfg = Debug|Any CPU
		{9E86C53F-FC7C-4801-9C54-F195CFD4D6BE}.Debug|Any CPU.Build.0 = Debug|Any CPU
		{9E86C53F-FC7C-4801-9C54-F195CFD4D6BE}.Release|Any CPU.ActiveCfg = Release|Any CPU
		{9E86C53F-FC7C-4801-9C54-F195CFD4D6BE}.Release|Any CPU.Build.0 = Release|Any CPU
		{CE639294-05FF-4853-A6FE-0447AAFE51F7}.Debug|Any CPU.ActiveCfg = Debug|Any CPU
		{CE639294-05FF-4853-A6FE-0447AAFE51F7}.Debug|Any CPU.Build.0 = Debug|Any CPU
		{CE639294-05FF-4853-A6FE-0447AAFE51F7}.Release|Any CPU.ActiveCfg = Release|Any CPU
		{CE639294-05FF-4853-A6FE-0447AAFE51F7}.Release|Any CPU.Build.0 = Release|Any CPU
		{25B78F8C-EB56-46A7-9DCB-32C545C04289}.Debug|Any CPU.ActiveCfg = Debug|Any CPU
		{25B78F8C-EB56-46A7-9DCB-32C545C04289}.Debug|Any CPU.Build.0 = Debug|Any CPU
		{25B78F8C-EB56-46A7-9DCB-32C545C04289}.Release|Any CPU.ActiveCfg = Release|Any CPU
		{25B78F8C-EB56-46A7-9DCB-32C545C04289}.Release|Any CPU.Build.0 = Release|Any CPU
		{CF23C32D-9A1D-4E6B-B2C3-DABB88531085}.Debug|Any CPU.ActiveCfg = Debug|Any CPU
		{CF23C32D-9A1D-4E6B-B2C3-DABB88531085}.Debug|Any CPU.Build.0 = Debug|Any CPU
		{CF23C32D-9A1D-4E6B-B2C3-DABB88531085}.Release|Any CPU.ActiveCfg = Release|Any CPU
		{CF23C32D-9A1D-4E6B-B2C3-DABB88531085}.Release|Any CPU.Build.0 = Release|Any CPU
		{1636663E-6E04-454D-9575-A7E043C83FA6}.Debug|Any CPU.ActiveCfg = Debug|Any CPU
		{1636663E-6E04-454D-9575-A7E043C83FA6}.Debug|Any CPU.Build.0 = Debug|Any CPU
		{1636663E-6E04-454D-9575-A7E043C83FA6}.Release|Any CPU.ActiveCfg = Release|Any CPU
		{1636663E-6E04-454D-9575-A7E043C83FA6}.Release|Any CPU.Build.0 = Release|Any CPU
		{D1D2154D-6051-42CF-A1DF-159ED09F4756}.Debug|Any CPU.ActiveCfg = Debug|Any CPU
		{D1D2154D-6051-42CF-A1DF-159ED09F4756}.Debug|Any CPU.Build.0 = Debug|Any CPU
		{D1D2154D-6051-42CF-A1DF-159ED09F4756}.Release|Any CPU.ActiveCfg = Release|Any CPU
		{D1D2154D-6051-42CF-A1DF-159ED09F4756}.Release|Any CPU.Build.0 = Release|Any CPU
		{6894A287-5EEF-4A42-B12F-A91E254D0D66}.Debug|Any CPU.ActiveCfg = Debug|Any CPU
		{6894A287-5EEF-4A42-B12F-A91E254D0D66}.Debug|Any CPU.Build.0 = Debug|Any CPU
		{6894A287-5EEF-4A42-B12F-A91E254D0D66}.Release|Any CPU.ActiveCfg = Release|Any CPU
		{6894A287-5EEF-4A42-B12F-A91E254D0D66}.Release|Any CPU.Build.0 = Release|Any CPU
		{89F9FCED-3682-4CD8-A62C-02380DAEA318}.Debug|Any CPU.ActiveCfg = Debug|Any CPU
		{89F9FCED-3682-4CD8-A62C-02380DAEA318}.Debug|Any CPU.Build.0 = Debug|Any CPU
		{89F9FCED-3682-4CD8-A62C-02380DAEA318}.Release|Any CPU.ActiveCfg = Release|Any CPU
		{89F9FCED-3682-4CD8-A62C-02380DAEA318}.Release|Any CPU.Build.0 = Release|Any CPU
		{E972771B-F0B2-456A-BA99-B3147BE864E3}.Debug|Any CPU.ActiveCfg = Debug|Any CPU
		{E972771B-F0B2-456A-BA99-B3147BE864E3}.Debug|Any CPU.Build.0 = Debug|Any CPU
		{E972771B-F0B2-456A-BA99-B3147BE864E3}.Release|Any CPU.ActiveCfg = Release|Any CPU
		{E972771B-F0B2-456A-BA99-B3147BE864E3}.Release|Any CPU.Build.0 = Release|Any CPU
		{5360D3E7-3A4A-4C1B-B7D2-043A496D4B3E}.Debug|Any CPU.ActiveCfg = Debug|Any CPU
		{5360D3E7-3A4A-4C1B-B7D2-043A496D4B3E}.Debug|Any CPU.Build.0 = Debug|Any CPU
		{5360D3E7-3A4A-4C1B-B7D2-043A496D4B3E}.Release|Any CPU.ActiveCfg = Release|Any CPU
		{5360D3E7-3A4A-4C1B-B7D2-043A496D4B3E}.Release|Any CPU.Build.0 = Release|Any CPU
		{F457B55D-A433-46AF-9F16-21A82F28AEC7}.Debug|Any CPU.ActiveCfg = Debug|Any CPU
		{F457B55D-A433-46AF-9F16-21A82F28AEC7}.Debug|Any CPU.Build.0 = Debug|Any CPU
		{F457B55D-A433-46AF-9F16-21A82F28AEC7}.Release|Any CPU.ActiveCfg = Release|Any CPU
		{F457B55D-A433-46AF-9F16-21A82F28AEC7}.Release|Any CPU.Build.0 = Release|Any CPU
		{77F1EB09-DE6E-46BB-BB0F-E44796B53693}.Debug|Any CPU.ActiveCfg = Debug|Any CPU
		{77F1EB09-DE6E-46BB-BB0F-E44796B53693}.Debug|Any CPU.Build.0 = Debug|Any CPU
		{77F1EB09-DE6E-46BB-BB0F-E44796B53693}.Release|Any CPU.ActiveCfg = Release|Any CPU
		{77F1EB09-DE6E-46BB-BB0F-E44796B53693}.Release|Any CPU.Build.0 = Release|Any CPU
		{478CD15C-A89C-42D9-9A5C-EFDD8D178C20}.Debug|Any CPU.ActiveCfg = Debug|Any CPU
		{478CD15C-A89C-42D9-9A5C-EFDD8D178C20}.Debug|Any CPU.Build.0 = Debug|Any CPU
		{478CD15C-A89C-42D9-9A5C-EFDD8D178C20}.Release|Any CPU.ActiveCfg = Release|Any CPU
		{478CD15C-A89C-42D9-9A5C-EFDD8D178C20}.Release|Any CPU.Build.0 = Release|Any CPU
		{5412FF7E-018B-4E38-8EFB-6032A85A0FC6}.Debug|Any CPU.ActiveCfg = Debug|Any CPU
		{5412FF7E-018B-4E38-8EFB-6032A85A0FC6}.Debug|Any CPU.Build.0 = Debug|Any CPU
		{5412FF7E-018B-4E38-8EFB-6032A85A0FC6}.Release|Any CPU.ActiveCfg = Release|Any CPU
		{5412FF7E-018B-4E38-8EFB-6032A85A0FC6}.Release|Any CPU.Build.0 = Release|Any CPU
		{2FCA6EC4-49F7-42FB-9096-29038CEDDC29}.Debug|Any CPU.ActiveCfg = Debug|Any CPU
		{2FCA6EC4-49F7-42FB-9096-29038CEDDC29}.Debug|Any CPU.Build.0 = Debug|Any CPU
		{2FCA6EC4-49F7-42FB-9096-29038CEDDC29}.Release|Any CPU.ActiveCfg = Release|Any CPU
		{2FCA6EC4-49F7-42FB-9096-29038CEDDC29}.Release|Any CPU.Build.0 = Release|Any CPU
		{EB202FD5-40F1-4CE5-B5D9-0F42658B3E24}.Debug|Any CPU.ActiveCfg = Debug|Any CPU
		{EB202FD5-40F1-4CE5-B5D9-0F42658B3E24}.Debug|Any CPU.Build.0 = Debug|Any CPU
		{EB202FD5-40F1-4CE5-B5D9-0F42658B3E24}.Release|Any CPU.ActiveCfg = Release|Any CPU
		{EB202FD5-40F1-4CE5-B5D9-0F42658B3E24}.Release|Any CPU.Build.0 = Release|Any CPU
		{BAFF5541-A35B-40E8-8942-5359EC215EAC}.Debug|Any CPU.ActiveCfg = Debug|Any CPU
		{BAFF5541-A35B-40E8-8942-5359EC215EAC}.Debug|Any CPU.Build.0 = Debug|Any CPU
		{BAFF5541-A35B-40E8-8942-5359EC215EAC}.Release|Any CPU.ActiveCfg = Release|Any CPU
		{BAFF5541-A35B-40E8-8942-5359EC215EAC}.Release|Any CPU.Build.0 = Release|Any CPU
		{92C82A26-235E-41A5-AEC3-1DC5B68F90CB}.Debug|Any CPU.ActiveCfg = Debug|Any CPU
		{92C82A26-235E-41A5-AEC3-1DC5B68F90CB}.Debug|Any CPU.Build.0 = Debug|Any CPU
		{92C82A26-235E-41A5-AEC3-1DC5B68F90CB}.Release|Any CPU.ActiveCfg = Release|Any CPU
		{92C82A26-235E-41A5-AEC3-1DC5B68F90CB}.Release|Any CPU.Build.0 = Release|Any CPU
		{11DE14D8-1054-41C6-B563-FB4AB739AA26}.Debug|Any CPU.ActiveCfg = Debug|Any CPU
		{11DE14D8-1054-41C6-B563-FB4AB739AA26}.Debug|Any CPU.Build.0 = Debug|Any CPU
		{11DE14D8-1054-41C6-B563-FB4AB739AA26}.Release|Any CPU.ActiveCfg = Release|Any CPU
		{11DE14D8-1054-41C6-B563-FB4AB739AA26}.Release|Any CPU.Build.0 = Release|Any CPU
		{7E852FE7-C113-4755-A158-F19888798240}.Debug|Any CPU.ActiveCfg = Debug|Any CPU
		{7E852FE7-C113-4755-A158-F19888798240}.Debug|Any CPU.Build.0 = Debug|Any CPU
		{7E852FE7-C113-4755-A158-F19888798240}.Release|Any CPU.ActiveCfg = Release|Any CPU
		{7E852FE7-C113-4755-A158-F19888798240}.Release|Any CPU.Build.0 = Release|Any CPU
		{7093F2E1-DBF2-4375-BDA0-B33FD3310C36}.Debug|Any CPU.ActiveCfg = Debug|Any CPU
		{7093F2E1-DBF2-4375-BDA0-B33FD3310C36}.Debug|Any CPU.Build.0 = Debug|Any CPU
		{7093F2E1-DBF2-4375-BDA0-B33FD3310C36}.Release|Any CPU.ActiveCfg = Release|Any CPU
		{7093F2E1-DBF2-4375-BDA0-B33FD3310C36}.Release|Any CPU.Build.0 = Release|Any CPU
		{BD02FCAE-95C1-47CA-8FC9-3866741C4872}.Debug|Any CPU.ActiveCfg = Debug|Any CPU
		{BD02FCAE-95C1-47CA-8FC9-3866741C4872}.Debug|Any CPU.Build.0 = Debug|Any CPU
		{BD02FCAE-95C1-47CA-8FC9-3866741C4872}.Release|Any CPU.ActiveCfg = Release|Any CPU
		{BD02FCAE-95C1-47CA-8FC9-3866741C4872}.Release|Any CPU.Build.0 = Release|Any CPU
		{B5CD3705-645F-4D8D-9E9A-7AFFEA5F10C1}.Debug|Any CPU.ActiveCfg = Debug|Any CPU
		{B5CD3705-645F-4D8D-9E9A-7AFFEA5F10C1}.Debug|Any CPU.Build.0 = Debug|Any CPU
		{B5CD3705-645F-4D8D-9E9A-7AFFEA5F10C1}.Release|Any CPU.ActiveCfg = Release|Any CPU
		{B5CD3705-645F-4D8D-9E9A-7AFFEA5F10C1}.Release|Any CPU.Build.0 = Release|Any CPU
		{86F258F2-8DE8-4ED5-BD44-A21304745FF7}.Debug|Any CPU.ActiveCfg = Debug|Any CPU
		{86F258F2-8DE8-4ED5-BD44-A21304745FF7}.Debug|Any CPU.Build.0 = Debug|Any CPU
		{86F258F2-8DE8-4ED5-BD44-A21304745FF7}.Release|Any CPU.ActiveCfg = Release|Any CPU
		{86F258F2-8DE8-4ED5-BD44-A21304745FF7}.Release|Any CPU.Build.0 = Release|Any CPU
		{C5225BBD-3F5A-4F48-B1B0-2CCCD1468E53}.Debug|Any CPU.ActiveCfg = Debug|Any CPU
		{C5225BBD-3F5A-4F48-B1B0-2CCCD1468E53}.Debug|Any CPU.Build.0 = Debug|Any CPU
		{C5225BBD-3F5A-4F48-B1B0-2CCCD1468E53}.Release|Any CPU.ActiveCfg = Release|Any CPU
		{C5225BBD-3F5A-4F48-B1B0-2CCCD1468E53}.Release|Any CPU.Build.0 = Release|Any CPU
		{DB3F69B8-4218-49B1-9404-10895C70C958}.Debug|Any CPU.ActiveCfg = Debug|Any CPU
		{DB3F69B8-4218-49B1-9404-10895C70C958}.Debug|Any CPU.Build.0 = Debug|Any CPU
		{DB3F69B8-4218-49B1-9404-10895C70C958}.Release|Any CPU.ActiveCfg = Release|Any CPU
		{DB3F69B8-4218-49B1-9404-10895C70C958}.Release|Any CPU.Build.0 = Release|Any CPU
		{FB561092-D1FD-49B7-9ECA-CF2E0FC61296}.Debug|Any CPU.ActiveCfg = Debug|Any CPU
		{FB561092-D1FD-49B7-9ECA-CF2E0FC61296}.Debug|Any CPU.Build.0 = Debug|Any CPU
		{FB561092-D1FD-49B7-9ECA-CF2E0FC61296}.Release|Any CPU.ActiveCfg = Release|Any CPU
		{FB561092-D1FD-49B7-9ECA-CF2E0FC61296}.Release|Any CPU.Build.0 = Release|Any CPU
		{839E685F-2067-4F16-88AD-09418062D83C}.Debug|Any CPU.ActiveCfg = Debug|Any CPU
		{839E685F-2067-4F16-88AD-09418062D83C}.Debug|Any CPU.Build.0 = Debug|Any CPU
		{839E685F-2067-4F16-88AD-09418062D83C}.Release|Any CPU.ActiveCfg = Release|Any CPU
		{839E685F-2067-4F16-88AD-09418062D83C}.Release|Any CPU.Build.0 = Release|Any CPU
		{F4BC241F-CEBB-4929-B8BC-E65A5DD25B8E}.Debug|Any CPU.ActiveCfg = Debug|Any CPU
		{F4BC241F-CEBB-4929-B8BC-E65A5DD25B8E}.Debug|Any CPU.Build.0 = Debug|Any CPU
		{F4BC241F-CEBB-4929-B8BC-E65A5DD25B8E}.Release|Any CPU.ActiveCfg = Release|Any CPU
		{F4BC241F-CEBB-4929-B8BC-E65A5DD25B8E}.Release|Any CPU.Build.0 = Release|Any CPU
		{678BF8F0-9D55-4F35-9A38-027E11681375}.Debug|Any CPU.ActiveCfg = Debug|Any CPU
		{678BF8F0-9D55-4F35-9A38-027E11681375}.Debug|Any CPU.Build.0 = Debug|Any CPU
		{678BF8F0-9D55-4F35-9A38-027E11681375}.Release|Any CPU.ActiveCfg = Release|Any CPU
		{678BF8F0-9D55-4F35-9A38-027E11681375}.Release|Any CPU.Build.0 = Release|Any CPU
		{B758FCF2-9955-4F6E-BAE1-272EF4E6279C}.Debug|Any CPU.ActiveCfg = Debug|Any CPU
		{B758FCF2-9955-4F6E-BAE1-272EF4E6279C}.Debug|Any CPU.Build.0 = Debug|Any CPU
		{B758FCF2-9955-4F6E-BAE1-272EF4E6279C}.Release|Any CPU.ActiveCfg = Release|Any CPU
		{B758FCF2-9955-4F6E-BAE1-272EF4E6279C}.Release|Any CPU.Build.0 = Release|Any CPU
		{F718FC3E-3AF1-41FD-8DC8-FA9C99A521F4}.Debug|Any CPU.ActiveCfg = Debug|Any CPU
		{F718FC3E-3AF1-41FD-8DC8-FA9C99A521F4}.Debug|Any CPU.Build.0 = Debug|Any CPU
		{F718FC3E-3AF1-41FD-8DC8-FA9C99A521F4}.Release|Any CPU.ActiveCfg = Release|Any CPU
		{F718FC3E-3AF1-41FD-8DC8-FA9C99A521F4}.Release|Any CPU.Build.0 = Release|Any CPU
		{4FA8753B-9735-4486-AC0F-38E77F24EE46}.Debug|Any CPU.ActiveCfg = Debug|Any CPU
		{4FA8753B-9735-4486-AC0F-38E77F24EE46}.Debug|Any CPU.Build.0 = Debug|Any CPU
		{4FA8753B-9735-4486-AC0F-38E77F24EE46}.Release|Any CPU.ActiveCfg = Release|Any CPU
		{4FA8753B-9735-4486-AC0F-38E77F24EE46}.Release|Any CPU.Build.0 = Release|Any CPU
		{567ABD63-8809-4D2E-BA23-248AED9D45BE}.Debug|Any CPU.ActiveCfg = Debug|Any CPU
		{567ABD63-8809-4D2E-BA23-248AED9D45BE}.Debug|Any CPU.Build.0 = Debug|Any CPU
		{567ABD63-8809-4D2E-BA23-248AED9D45BE}.Release|Any CPU.ActiveCfg = Release|Any CPU
		{567ABD63-8809-4D2E-BA23-248AED9D45BE}.Release|Any CPU.Build.0 = Release|Any CPU
		{95157E5D-C5F0-46D0-AE12-1CECE918123F}.Debug|Any CPU.ActiveCfg = Debug|Any CPU
		{95157E5D-C5F0-46D0-AE12-1CECE918123F}.Debug|Any CPU.Build.0 = Debug|Any CPU
		{95157E5D-C5F0-46D0-AE12-1CECE918123F}.Release|Any CPU.ActiveCfg = Release|Any CPU
		{95157E5D-C5F0-46D0-AE12-1CECE918123F}.Release|Any CPU.Build.0 = Release|Any CPU
		{1FABD8A7-6C9A-470D-86D8-B43A387701FB}.Debug|Any CPU.ActiveCfg = Debug|Any CPU
		{1FABD8A7-6C9A-470D-86D8-B43A387701FB}.Debug|Any CPU.Build.0 = Debug|Any CPU
		{1FABD8A7-6C9A-470D-86D8-B43A387701FB}.Release|Any CPU.ActiveCfg = Release|Any CPU
		{1FABD8A7-6C9A-470D-86D8-B43A387701FB}.Release|Any CPU.Build.0 = Release|Any CPU
		{78A78D73-80DA-48BE-8974-B95EDF083DC1}.Debug|Any CPU.ActiveCfg = Debug|Any CPU
		{78A78D73-80DA-48BE-8974-B95EDF083DC1}.Debug|Any CPU.Build.0 = Debug|Any CPU
		{78A78D73-80DA-48BE-8974-B95EDF083DC1}.Release|Any CPU.ActiveCfg = Release|Any CPU
		{78A78D73-80DA-48BE-8974-B95EDF083DC1}.Release|Any CPU.Build.0 = Release|Any CPU
		{F699FE0F-C056-4802-9FC1-BD929AD106B7}.Debug|Any CPU.ActiveCfg = Debug|Any CPU
		{F699FE0F-C056-4802-9FC1-BD929AD106B7}.Debug|Any CPU.Build.0 = Debug|Any CPU
		{F699FE0F-C056-4802-9FC1-BD929AD106B7}.Release|Any CPU.ActiveCfg = Release|Any CPU
		{F699FE0F-C056-4802-9FC1-BD929AD106B7}.Release|Any CPU.Build.0 = Release|Any CPU
		{0FA956B9-FDA3-4A26-9BDA-CBE8976D4E62}.Debug|Any CPU.ActiveCfg = Debug|Any CPU
		{0FA956B9-FDA3-4A26-9BDA-CBE8976D4E62}.Debug|Any CPU.Build.0 = Debug|Any CPU
		{0FA956B9-FDA3-4A26-9BDA-CBE8976D4E62}.Release|Any CPU.ActiveCfg = Release|Any CPU
		{0FA956B9-FDA3-4A26-9BDA-CBE8976D4E62}.Release|Any CPU.Build.0 = Release|Any CPU
		{13FDFC5E-744A-4B73-AB6D-17B4BC3C6E2E}.Debug|Any CPU.ActiveCfg = Debug|Any CPU
		{13FDFC5E-744A-4B73-AB6D-17B4BC3C6E2E}.Debug|Any CPU.Build.0 = Debug|Any CPU
		{13FDFC5E-744A-4B73-AB6D-17B4BC3C6E2E}.Release|Any CPU.ActiveCfg = Release|Any CPU
		{13FDFC5E-744A-4B73-AB6D-17B4BC3C6E2E}.Release|Any CPU.Build.0 = Release|Any CPU
	EndGlobalSection
	GlobalSection(SolutionProperties) = preSolution
		HideSolutionNode = FALSE
	EndGlobalSection
	GlobalSection(NestedProjects) = preSolution
		{5F95B684-A373-4F35-ACA0-378C49102692} = {88F5772D-F316-4DA3-9C66-A5AAF5169E10}
		{AD8BD102-E764-40DB-B414-E400B81FFE14} = {88F5772D-F316-4DA3-9C66-A5AAF5169E10}
		{EE37A7FD-0969-4E5C-8ECD-CB720737722C} = {8C5AA6CD-052B-4FBE-A133-22C76B3E7EE7}
		{489DDA52-F8C5-4202-AEBA-BE8B00AF0D3A} = {8C5AA6CD-052B-4FBE-A133-22C76B3E7EE7}
		{02304566-3504-4A0B-8773-E41CBAC09996} = {B9BBB9DA-352F-4BC9-AD3B-B917C452A3C4}
		{9E86C53F-FC7C-4801-9C54-F195CFD4D6BE} = {B9BBB9DA-352F-4BC9-AD3B-B917C452A3C4}
		{CE639294-05FF-4853-A6FE-0447AAFE51F7} = {B9BBB9DA-352F-4BC9-AD3B-B917C452A3C4}
		{25B78F8C-EB56-46A7-9DCB-32C545C04289} = {B9BBB9DA-352F-4BC9-AD3B-B917C452A3C4}
		{CF23C32D-9A1D-4E6B-B2C3-DABB88531085} = {B9BBB9DA-352F-4BC9-AD3B-B917C452A3C4}
		{1636663E-6E04-454D-9575-A7E043C83FA6} = {17EC9674-80A1-4762-8244-D45EB38BCA39}
		{D1D2154D-6051-42CF-A1DF-159ED09F4756} = {17EC9674-80A1-4762-8244-D45EB38BCA39}
		{6894A287-5EEF-4A42-B12F-A91E254D0D66} = {17EC9674-80A1-4762-8244-D45EB38BCA39}
		{89F9FCED-3682-4CD8-A62C-02380DAEA318} = {AD8BD102-E764-40DB-B414-E400B81FFE14}
		{E972771B-F0B2-456A-BA99-B3147BE864E3} = {AD8BD102-E764-40DB-B414-E400B81FFE14}
		{5360D3E7-3A4A-4C1B-B7D2-043A496D4B3E} = {AD8BD102-E764-40DB-B414-E400B81FFE14}
		{F457B55D-A433-46AF-9F16-21A82F28AEC7} = {AD8BD102-E764-40DB-B414-E400B81FFE14}
		{77F1EB09-DE6E-46BB-BB0F-E44796B53693} = {5F95B684-A373-4F35-ACA0-378C49102692}
		{478CD15C-A89C-42D9-9A5C-EFDD8D178C20} = {5F95B684-A373-4F35-ACA0-378C49102692}
		{5412FF7E-018B-4E38-8EFB-6032A85A0FC6} = {5F95B684-A373-4F35-ACA0-378C49102692}
		{2FCA6EC4-49F7-42FB-9096-29038CEDDC29} = {5F95B684-A373-4F35-ACA0-378C49102692}
		{EB202FD5-40F1-4CE5-B5D9-0F42658B3E24} = {5F95B684-A373-4F35-ACA0-378C49102692}
		{BAFF5541-A35B-40E8-8942-5359EC215EAC} = {5F95B684-A373-4F35-ACA0-378C49102692}
		{92C82A26-235E-41A5-AEC3-1DC5B68F90CB} = {5F95B684-A373-4F35-ACA0-378C49102692}
		{11DE14D8-1054-41C6-B563-FB4AB739AA26} = {5F95B684-A373-4F35-ACA0-378C49102692}
		{7E852FE7-C113-4755-A158-F19888798240} = {5F95B684-A373-4F35-ACA0-378C49102692}
		{7093F2E1-DBF2-4375-BDA0-B33FD3310C36} = {5F95B684-A373-4F35-ACA0-378C49102692}
		{BD02FCAE-95C1-47CA-8FC9-3866741C4872} = {5F95B684-A373-4F35-ACA0-378C49102692}
		{B5CD3705-645F-4D8D-9E9A-7AFFEA5F10C1} = {5F95B684-A373-4F35-ACA0-378C49102692}
		{86F258F2-8DE8-4ED5-BD44-A21304745FF7} = {5F95B684-A373-4F35-ACA0-378C49102692}
		{C5225BBD-3F5A-4F48-B1B0-2CCCD1468E53} = {5F95B684-A373-4F35-ACA0-378C49102692}
		{DB3F69B8-4218-49B1-9404-10895C70C958} = {5F95B684-A373-4F35-ACA0-378C49102692}
		{FB561092-D1FD-49B7-9ECA-CF2E0FC61296} = {5F95B684-A373-4F35-ACA0-378C49102692}
		{839E685F-2067-4F16-88AD-09418062D83C} = {5F95B684-A373-4F35-ACA0-378C49102692}
		{F4BC241F-CEBB-4929-B8BC-E65A5DD25B8E} = {5F95B684-A373-4F35-ACA0-378C49102692}
		{678BF8F0-9D55-4F35-9A38-027E11681375} = {5F95B684-A373-4F35-ACA0-378C49102692}
		{B758FCF2-9955-4F6E-BAE1-272EF4E6279C} = {5F95B684-A373-4F35-ACA0-378C49102692}
		{F718FC3E-3AF1-41FD-8DC8-FA9C99A521F4} = {5F95B684-A373-4F35-ACA0-378C49102692}
		{4FA8753B-9735-4486-AC0F-38E77F24EE46} = {5F95B684-A373-4F35-ACA0-378C49102692}
		{567ABD63-8809-4D2E-BA23-248AED9D45BE} = {5F95B684-A373-4F35-ACA0-378C49102692}
		{AE89FDE8-8381-45AC-937B-217A940F17EA} = {88F5772D-F316-4DA3-9C66-A5AAF5169E10}
		{711CCD8A-6CB0-45C6-B531-6CDBB316893B} = {88F5772D-F316-4DA3-9C66-A5AAF5169E10}
		{95157E5D-C5F0-46D0-AE12-1CECE918123F} = {AE89FDE8-8381-45AC-937B-217A940F17EA}
		{1FABD8A7-6C9A-470D-86D8-B43A387701FB} = {AE89FDE8-8381-45AC-937B-217A940F17EA}
		{78A78D73-80DA-48BE-8974-B95EDF083DC1} = {5F95B684-A373-4F35-ACA0-378C49102692}
		{F699FE0F-C056-4802-9FC1-BD929AD106B7} = {711CCD8A-6CB0-45C6-B531-6CDBB316893B}
		{0FA956B9-FDA3-4A26-9BDA-CBE8976D4E62} = {711CCD8A-6CB0-45C6-B531-6CDBB316893B}
		{13FDFC5E-744A-4B73-AB6D-17B4BC3C6E2E} = {711CCD8A-6CB0-45C6-B531-6CDBB316893B}
	EndGlobalSection
	GlobalSection(ExtensibilityGlobals) = postSolution
		SolutionGuid = {38466B2B-91CA-4E60-A82C-451800253511}
	EndGlobalSection
EndGlobal
