
Microsoft Visual Studio Solution File, Format Version 12.00
# Visual Studio Version 17
VisualStudioVersion = 17.0.31903.59
MinimumVisualStudioVersion = 10.0.40219.1
Project("{2150E333-8FDC-42A3-9474-1A3956D46DE8}") = "Api", "Api", "{70B7271F-E447-43C5-BAA8-589464D1D8BF}"
EndProject
Project("{2150E333-8FDC-42A3-9474-1A3956D46DE8}") = "Common", "Common", "{049DA5C5-28A5-44E0-B156-4549F8DF4519}"
EndProject
Project("{2150E333-8FDC-42A3-9474-1A3956D46DE8}") = "Modules", "Modules", "{A0D0611E-1591-41C1-BD4D-80AE8F7D20C2}"
EndProject
Project("{2150E333-8FDC-42A3-9474-1A3956D46DE8}") = "Framework", "Framework", "{2170BD93-2350-414A-BA0F-BE1E71ABFF68}"
EndProject
Project("{9A19103F-16F7-4668-BE54-9A1E7A4F7556}") = "Gardener.Api.Core", "Api\Gardener.Api.Core\Gardener.Api.Core.csproj", "{4206BB4D-29BA-45C0-BCE8-F7B1F6184989}"
EndProject
Project("{9A19103F-16F7-4668-BE54-9A1E7A4F7556}") = "Gardener.Api.Entry", "Api\Gardener.Api.Entry\Gardener.Api.Entry.csproj", "{55F4587F-152D-45C2-8F42-24AE7E88FFEB}"
EndProject
Project("{9A19103F-16F7-4668-BE54-9A1E7A4F7556}") = "Gardener", "Modules\Framework\Gardener\Gardener.csproj", "{DE6C6BB3-63E4-4904-A353-F0E583F85C8A}"
EndProject
Project("{9A19103F-16F7-4668-BE54-9A1E7A4F7556}") = "Gardener.Attachment", "Modules\Framework\Gardener.Attachment\Gardener.Attachment.csproj", "{E2FAE5BB-E1CC-4239-B24D-A49B44FD437F}"
EndProject
Project("{9A19103F-16F7-4668-BE54-9A1E7A4F7556}") = "Gardener.Audit", "Modules\Framework\Gardener.Audit\Gardener.Audit.csproj", "{D4533C80-F32C-4FB1-9C00-0E0A59DFB89C}"
EndProject
Project("{9A19103F-16F7-4668-BE54-9A1E7A4F7556}") = "Gardener.Authorization", "Modules\Framework\Gardener.Authorization\Gardener.Authorization.csproj", "{AAFDA732-2E98-4609-909E-CACC8C08B39B}"
EndProject
Project("{9A19103F-16F7-4668-BE54-9A1E7A4F7556}") = "Gardener.Base", "Modules\Framework\Gardener.Base\Gardener.Base.csproj", "{F6876FD6-3B1B-42BD-BBBE-72A323AA8AC5}"
EndProject
Project("{9A19103F-16F7-4668-BE54-9A1E7A4F7556}") = "Gardener.CodeGeneration", "Modules\Framework\Gardener.CodeGeneration\Gardener.CodeGeneration.csproj", "{B0650E6B-7E57-4F3B-A191-2DB96FD18CBC}"
EndProject
Project("{9A19103F-16F7-4668-BE54-9A1E7A4F7556}") = "Gardener.EntityFramwork", "Modules\Framework\Gardener.EntityFramwork\Gardener.EntityFramwork.csproj", "{FB376C89-20B2-48DA-A1FA-0FB32A19C7A7}"
EndProject
Project("{9A19103F-16F7-4668-BE54-9A1E7A4F7556}") = "Gardener.FileStore", "Modules\Framework\Gardener.FileStore\Gardener.FileStore.csproj", "{E696D0DA-1912-4B16-8EAA-0630B6E68ED1}"
EndProject
Project("{9A19103F-16F7-4668-BE54-9A1E7A4F7556}") = "Gardener.Attributes", "Common\Gardener.Attributes\Gardener.Attributes.csproj", "{5B84DD62-897C-44BA-B77D-F6886AAE2287}"
EndProject
Project("{9A19103F-16F7-4668-BE54-9A1E7A4F7556}") = "Gardener.Common", "Common\Gardener.Common\Gardener.Common.csproj", "{AC87E521-246E-4728-B817-429ADEA26750}"
EndProject
Project("{9A19103F-16F7-4668-BE54-9A1E7A4F7556}") = "Gardener.Enums", "Common\Gardener.Enums\Gardener.Enums.csproj", "{AB33FC76-30D6-4643-B050-0DA4659A0FAE}"
EndProject
Project("{9A19103F-16F7-4668-BE54-9A1E7A4F7556}") = "Gardener.Swagger", "Modules\Framework\Gardener.Swagger\Gardener.Swagger.csproj", "{D438EEE8-977F-43E7-AB25-D9DBC3CA9C1C}"
EndProject
Project("{9A19103F-16F7-4668-BE54-9A1E7A4F7556}") = "Gardener.Authentication", "Modules\Framework\Gardener.Authentication\Gardener.Authentication.csproj", "{F7D5063F-C475-4E04-86CF-6587011F5088}"
EndProject
Project("{2150E333-8FDC-42A3-9474-1A3956D46DE8}") = "UserCenter", "UserCenter", "{C6D7D663-25AF-4100-89B2-EF744CC9D74F}"
EndProject
Project("{9A19103F-16F7-4668-BE54-9A1E7A4F7556}") = "Gardener.UserCenter", "Modules\UserCenter\Gardener.UserCenter\Gardener.UserCenter.csproj", "{408DEE35-1005-4801-AB93-92EC3B43B811}"
EndProject
Project("{9A19103F-16F7-4668-BE54-9A1E7A4F7556}") = "Gardener.UserCenter.Impl", "Modules\UserCenter\Gardener.UserCenter.Impl\Gardener.UserCenter.Impl.csproj", "{045DD284-A355-475C-A2E1-704343E5B655}"
EndProject
Project("{2150E333-8FDC-42A3-9474-1A3956D46DE8}") = "Client", "Client", "{4FBB8EA4-A1F9-48AA-A693-382664D2C1E3}"
EndProject
Project("{9A19103F-16F7-4668-BE54-9A1E7A4F7556}") = "Gardener.Client.Core", "Client\Gardener.Client.Core\Gardener.Client.Core.csproj", "{299233AF-1D32-4F03-BD61-2CF239162775}"
EndProject
Project("{9A19103F-16F7-4668-BE54-9A1E7A4F7556}") = "Gardener.Authentication.Client", "Modules\Framework\Gardener.Authentication.Client\Gardener.Authentication.Client.csproj", "{25FE8E17-075E-435A-B472-7B56890A1DE5}"
EndProject
Project("{9A19103F-16F7-4668-BE54-9A1E7A4F7556}") = "Gardener.Audit.Client", "Modules\Framework\Gardener.Audit.Client\Gardener.Audit.Client.csproj", "{3A26B12F-36D2-4821-A1CB-ABF9771F812A}"
EndProject
Project("{9A19103F-16F7-4668-BE54-9A1E7A4F7556}") = "Gardener.Attachment.Client", "Modules\Framework\Gardener.Attachment.Client\Gardener.Attachment.Client.csproj", "{DC288F1F-D81E-4983-81EB-37F88F1630C1}"
EndProject
Project("{9A19103F-16F7-4668-BE54-9A1E7A4F7556}") = "Gardener.CodeGeneration.Client", "Modules\Framework\Gardener.CodeGeneration.Client\Gardener.CodeGeneration.Client.csproj", "{95560B01-3C65-4FEC-80E0-88C8A3EA7397}"
EndProject
Project("{9A19103F-16F7-4668-BE54-9A1E7A4F7556}") = "Gardener.UserCenter.Client", "Modules\UserCenter\Gardener.UserCenter.Client\Gardener.UserCenter.Client.csproj", "{FA1ED94F-1935-4206-9F35-E4B519345A2F}"
EndProject
Project("{9A19103F-16F7-4668-BE54-9A1E7A4F7556}") = "Gardener.Swagger.Client", "Modules\Framework\Gardener.Swagger.Client\Gardener.Swagger.Client.csproj", "{11F9ABA5-F6FB-4F59-B9F7-808EF8E77F08}"
EndProject
Project("{9A19103F-16F7-4668-BE54-9A1E7A4F7556}") = "Gardener.Client.Base", "Client\Gardener.Client.Base\Gardener.Client.Base.csproj", "{94E50689-4D3B-4733-AA47-DA58F4BF93B7}"
EndProject
Project("{9A19103F-16F7-4668-BE54-9A1E7A4F7556}") = "Gardener.Client.Entry", "Client\Gardener.Client.Entry\Gardener.Client.Entry.csproj", "{2A079B52-D3CA-4D22-8E05-35304DBC6EBD}"
EndProject
Project("{9A19103F-16F7-4668-BE54-9A1E7A4F7556}") = "Gardener.Entry", "Gardener.Entry\Gardener.Entry.csproj", "{7C766D7C-876E-4513-9406-74B3A5CF2589}"
EndProject
Project("{9A19103F-16F7-4668-BE54-9A1E7A4F7556}") = "Gardener.Cache", "Modules\Framework\Gardener.Cache\Gardener.Cache.csproj", "{A03468F2-A289-499E-A0F2-8B99AFBD2639}"
EndProject
Project("{9A19103F-16F7-4668-BE54-9A1E7A4F7556}") = "Gardener.Email", "Modules\Framework\Gardener.Email\Gardener.Email.csproj", "{CE920F47-2562-40FA-B4AD-CA3ADCF28E1C}"
EndProject
Project("{9A19103F-16F7-4668-BE54-9A1E7A4F7556}") = "Gardener.Email.Client", "Modules\Framework\Gardener.Email.Client\Gardener.Email.Client.csproj", "{1C9657E7-A2D2-40BE-994E-BF73C9E88A3C}"
EndProject
Project("{9A19103F-16F7-4668-BE54-9A1E7A4F7556}") = "Gardener.EventBus", "Modules\Framework\Gardener.EventBus\Gardener.EventBus.csproj", "{16248EAD-5645-4D40-A05B-1FBBC263050B}"
EndProject
Project("{9A19103F-16F7-4668-BE54-9A1E7A4F7556}") = "Gardener.VerifyCode", "Modules\Framework\Gardener.VerifyCode\Gardener.VerifyCode.csproj", "{2C2FE858-8DD1-4519-9DBA-9AEFFA598A21}"
EndProject
Project("{9A19103F-16F7-4668-BE54-9A1E7A4F7556}") = "Gardener.VerifyCode.CacheStore", "Modules\Framework\Gardener.VerifyCode.CacheStore\Gardener.VerifyCode.CacheStore.csproj", "{35122A8E-B6BC-4811-9F72-4384DAF643FE}"
EndProject
Project("{9A19103F-16F7-4668-BE54-9A1E7A4F7556}") = "Gardener.VerifyCode.Client", "Modules\Framework\Gardener.VerifyCode.Client\Gardener.VerifyCode.Client.csproj", "{C35AE89A-4613-41CE-B7AB-4E5AF0ECE831}"
EndProject
Project("{9A19103F-16F7-4668-BE54-9A1E7A4F7556}") = "Gardener.VerifyCode.DbStore", "Modules\Framework\Gardener.VerifyCode.DbStore\Gardener.VerifyCode.DbStore.csproj", "{7EC041AF-220E-47B4-AB8C-A0BF51343D7A}"
EndProject
Project("{9A19103F-16F7-4668-BE54-9A1E7A4F7556}") = "Gardener.NotificationSystem", "Modules\Framework\Gardener.NotificationSystem\Gardener.NotificationSystem.csproj", "{BAE61D8A-C556-4496-A600-A21E06A9C726}"
EndProject
Project("{9A19103F-16F7-4668-BE54-9A1E7A4F7556}") = "Gardener.NotificationSystem.Client", "Modules\Framework\Gardener.NotificationSystem.Client\Gardener.NotificationSystem.Client.csproj", "{57897849-AE44-4CE2-820C-A71C3AEB4C60}"
EndProject
Project("{2150E333-8FDC-42A3-9474-1A3956D46DE8}") = "SysTimer", "SysTimer", "{57BF47DA-3EAF-43CD-9BDD-23677707E9FD}"
EndProject
Project("{FAE04EC0-301F-11D3-BF4B-00C04F79EFBC}") = "Gardener.SysTimer", "Modules\SysTimer\Gardener.SysTimer\Gardener.SysTimer.csproj", "{DD3FB3B0-B65D-4AC7-8CC4-AE4EDF600877}"
EndProject
Project("{9A19103F-16F7-4668-BE54-9A1E7A4F7556}") = "Gardener.SysTimer.Impl", "Modules\SysTimer\Gardener.SysTimer.Impl\Gardener.SysTimer.Impl.csproj", "{04142B49-2F7A-4E05-8A00-93092BE23A8A}"
EndProject
Project("{9A19103F-16F7-4668-BE54-9A1E7A4F7556}") = "Gardener.SysTimer.Client", "Modules\SysTimer\Gardener.SysTimer.Client\Gardener.SysTimer.Client.csproj", "{D9A3901F-838E-4643-87C6-4DCE455320E9}"
EndProject
Global
	GlobalSection(SolutionConfigurationPlatforms) = preSolution
		Debug|Any CPU = Debug|Any CPU
		Release|Any CPU = Release|Any CPU
	EndGlobalSection
	GlobalSection(ProjectConfigurationPlatforms) = postSolution
		{4206BB4D-29BA-45C0-BCE8-F7B1F6184989}.Debug|Any CPU.ActiveCfg = Debug|Any CPU
		{4206BB4D-29BA-45C0-BCE8-F7B1F6184989}.Debug|Any CPU.Build.0 = Debug|Any CPU
		{4206BB4D-29BA-45C0-BCE8-F7B1F6184989}.Release|Any CPU.ActiveCfg = Release|Any CPU
		{4206BB4D-29BA-45C0-BCE8-F7B1F6184989}.Release|Any CPU.Build.0 = Release|Any CPU
		{55F4587F-152D-45C2-8F42-24AE7E88FFEB}.Debug|Any CPU.ActiveCfg = Debug|Any CPU
		{55F4587F-152D-45C2-8F42-24AE7E88FFEB}.Debug|Any CPU.Build.0 = Debug|Any CPU
		{55F4587F-152D-45C2-8F42-24AE7E88FFEB}.Release|Any CPU.ActiveCfg = Release|Any CPU
		{55F4587F-152D-45C2-8F42-24AE7E88FFEB}.Release|Any CPU.Build.0 = Release|Any CPU
		{DE6C6BB3-63E4-4904-A353-F0E583F85C8A}.Debug|Any CPU.ActiveCfg = Debug|Any CPU
		{DE6C6BB3-63E4-4904-A353-F0E583F85C8A}.Debug|Any CPU.Build.0 = Debug|Any CPU
		{DE6C6BB3-63E4-4904-A353-F0E583F85C8A}.Release|Any CPU.ActiveCfg = Release|Any CPU
		{DE6C6BB3-63E4-4904-A353-F0E583F85C8A}.Release|Any CPU.Build.0 = Release|Any CPU
		{E2FAE5BB-E1CC-4239-B24D-A49B44FD437F}.Debug|Any CPU.ActiveCfg = Debug|Any CPU
		{E2FAE5BB-E1CC-4239-B24D-A49B44FD437F}.Debug|Any CPU.Build.0 = Debug|Any CPU
		{E2FAE5BB-E1CC-4239-B24D-A49B44FD437F}.Release|Any CPU.ActiveCfg = Release|Any CPU
		{E2FAE5BB-E1CC-4239-B24D-A49B44FD437F}.Release|Any CPU.Build.0 = Release|Any CPU
		{D4533C80-F32C-4FB1-9C00-0E0A59DFB89C}.Debug|Any CPU.ActiveCfg = Debug|Any CPU
		{D4533C80-F32C-4FB1-9C00-0E0A59DFB89C}.Debug|Any CPU.Build.0 = Debug|Any CPU
		{D4533C80-F32C-4FB1-9C00-0E0A59DFB89C}.Release|Any CPU.ActiveCfg = Release|Any CPU
		{D4533C80-F32C-4FB1-9C00-0E0A59DFB89C}.Release|Any CPU.Build.0 = Release|Any CPU
		{AAFDA732-2E98-4609-909E-CACC8C08B39B}.Debug|Any CPU.ActiveCfg = Debug|Any CPU
		{AAFDA732-2E98-4609-909E-CACC8C08B39B}.Debug|Any CPU.Build.0 = Debug|Any CPU
		{AAFDA732-2E98-4609-909E-CACC8C08B39B}.Release|Any CPU.ActiveCfg = Release|Any CPU
		{AAFDA732-2E98-4609-909E-CACC8C08B39B}.Release|Any CPU.Build.0 = Release|Any CPU
		{F6876FD6-3B1B-42BD-BBBE-72A323AA8AC5}.Debug|Any CPU.ActiveCfg = Debug|Any CPU
		{F6876FD6-3B1B-42BD-BBBE-72A323AA8AC5}.Debug|Any CPU.Build.0 = Debug|Any CPU
		{F6876FD6-3B1B-42BD-BBBE-72A323AA8AC5}.Release|Any CPU.ActiveCfg = Release|Any CPU
		{F6876FD6-3B1B-42BD-BBBE-72A323AA8AC5}.Release|Any CPU.Build.0 = Release|Any CPU
		{B0650E6B-7E57-4F3B-A191-2DB96FD18CBC}.Debug|Any CPU.ActiveCfg = Debug|Any CPU
		{B0650E6B-7E57-4F3B-A191-2DB96FD18CBC}.Debug|Any CPU.Build.0 = Debug|Any CPU
		{B0650E6B-7E57-4F3B-A191-2DB96FD18CBC}.Release|Any CPU.ActiveCfg = Release|Any CPU
		{B0650E6B-7E57-4F3B-A191-2DB96FD18CBC}.Release|Any CPU.Build.0 = Release|Any CPU
		{FB376C89-20B2-48DA-A1FA-0FB32A19C7A7}.Debug|Any CPU.ActiveCfg = Debug|Any CPU
		{FB376C89-20B2-48DA-A1FA-0FB32A19C7A7}.Debug|Any CPU.Build.0 = Debug|Any CPU
		{FB376C89-20B2-48DA-A1FA-0FB32A19C7A7}.Release|Any CPU.ActiveCfg = Release|Any CPU
		{FB376C89-20B2-48DA-A1FA-0FB32A19C7A7}.Release|Any CPU.Build.0 = Release|Any CPU
		{E696D0DA-1912-4B16-8EAA-0630B6E68ED1}.Debug|Any CPU.ActiveCfg = Debug|Any CPU
		{E696D0DA-1912-4B16-8EAA-0630B6E68ED1}.Debug|Any CPU.Build.0 = Debug|Any CPU
		{E696D0DA-1912-4B16-8EAA-0630B6E68ED1}.Release|Any CPU.ActiveCfg = Release|Any CPU
		{E696D0DA-1912-4B16-8EAA-0630B6E68ED1}.Release|Any CPU.Build.0 = Release|Any CPU
		{5B84DD62-897C-44BA-B77D-F6886AAE2287}.Debug|Any CPU.ActiveCfg = Debug|Any CPU
		{5B84DD62-897C-44BA-B77D-F6886AAE2287}.Debug|Any CPU.Build.0 = Debug|Any CPU
		{5B84DD62-897C-44BA-B77D-F6886AAE2287}.Release|Any CPU.ActiveCfg = Release|Any CPU
		{5B84DD62-897C-44BA-B77D-F6886AAE2287}.Release|Any CPU.Build.0 = Release|Any CPU
		{AC87E521-246E-4728-B817-429ADEA26750}.Debug|Any CPU.ActiveCfg = Debug|Any CPU
		{AC87E521-246E-4728-B817-429ADEA26750}.Debug|Any CPU.Build.0 = Debug|Any CPU
		{AC87E521-246E-4728-B817-429ADEA26750}.Release|Any CPU.ActiveCfg = Release|Any CPU
		{AC87E521-246E-4728-B817-429ADEA26750}.Release|Any CPU.Build.0 = Release|Any CPU
		{AB33FC76-30D6-4643-B050-0DA4659A0FAE}.Debug|Any CPU.ActiveCfg = Debug|Any CPU
		{AB33FC76-30D6-4643-B050-0DA4659A0FAE}.Debug|Any CPU.Build.0 = Debug|Any CPU
		{AB33FC76-30D6-4643-B050-0DA4659A0FAE}.Release|Any CPU.ActiveCfg = Release|Any CPU
		{AB33FC76-30D6-4643-B050-0DA4659A0FAE}.Release|Any CPU.Build.0 = Release|Any CPU
		{D438EEE8-977F-43E7-AB25-D9DBC3CA9C1C}.Debug|Any CPU.ActiveCfg = Debug|Any CPU
		{D438EEE8-977F-43E7-AB25-D9DBC3CA9C1C}.Debug|Any CPU.Build.0 = Debug|Any CPU
		{D438EEE8-977F-43E7-AB25-D9DBC3CA9C1C}.Release|Any CPU.ActiveCfg = Release|Any CPU
		{D438EEE8-977F-43E7-AB25-D9DBC3CA9C1C}.Release|Any CPU.Build.0 = Release|Any CPU
		{F7D5063F-C475-4E04-86CF-6587011F5088}.Debug|Any CPU.ActiveCfg = Debug|Any CPU
		{F7D5063F-C475-4E04-86CF-6587011F5088}.Debug|Any CPU.Build.0 = Debug|Any CPU
		{F7D5063F-C475-4E04-86CF-6587011F5088}.Release|Any CPU.ActiveCfg = Release|Any CPU
		{F7D5063F-C475-4E04-86CF-6587011F5088}.Release|Any CPU.Build.0 = Release|Any CPU
		{408DEE35-1005-4801-AB93-92EC3B43B811}.Debug|Any CPU.ActiveCfg = Debug|Any CPU
		{408DEE35-1005-4801-AB93-92EC3B43B811}.Debug|Any CPU.Build.0 = Debug|Any CPU
		{408DEE35-1005-4801-AB93-92EC3B43B811}.Release|Any CPU.ActiveCfg = Release|Any CPU
		{408DEE35-1005-4801-AB93-92EC3B43B811}.Release|Any CPU.Build.0 = Release|Any CPU
		{045DD284-A355-475C-A2E1-704343E5B655}.Debug|Any CPU.ActiveCfg = Debug|Any CPU
		{045DD284-A355-475C-A2E1-704343E5B655}.Debug|Any CPU.Build.0 = Debug|Any CPU
		{045DD284-A355-475C-A2E1-704343E5B655}.Release|Any CPU.ActiveCfg = Release|Any CPU
		{045DD284-A355-475C-A2E1-704343E5B655}.Release|Any CPU.Build.0 = Release|Any CPU
		{299233AF-1D32-4F03-BD61-2CF239162775}.Debug|Any CPU.ActiveCfg = Debug|Any CPU
		{299233AF-1D32-4F03-BD61-2CF239162775}.Debug|Any CPU.Build.0 = Debug|Any CPU
		{299233AF-1D32-4F03-BD61-2CF239162775}.Release|Any CPU.ActiveCfg = Release|Any CPU
		{299233AF-1D32-4F03-BD61-2CF239162775}.Release|Any CPU.Build.0 = Release|Any CPU
		{25FE8E17-075E-435A-B472-7B56890A1DE5}.Debug|Any CPU.ActiveCfg = Debug|Any CPU
		{25FE8E17-075E-435A-B472-7B56890A1DE5}.Debug|Any CPU.Build.0 = Debug|Any CPU
		{25FE8E17-075E-435A-B472-7B56890A1DE5}.Release|Any CPU.ActiveCfg = Release|Any CPU
		{25FE8E17-075E-435A-B472-7B56890A1DE5}.Release|Any CPU.Build.0 = Release|Any CPU
		{3A26B12F-36D2-4821-A1CB-ABF9771F812A}.Debug|Any CPU.ActiveCfg = Debug|Any CPU
		{3A26B12F-36D2-4821-A1CB-ABF9771F812A}.Debug|Any CPU.Build.0 = Debug|Any CPU
		{3A26B12F-36D2-4821-A1CB-ABF9771F812A}.Release|Any CPU.ActiveCfg = Release|Any CPU
		{3A26B12F-36D2-4821-A1CB-ABF9771F812A}.Release|Any CPU.Build.0 = Release|Any CPU
		{DC288F1F-D81E-4983-81EB-37F88F1630C1}.Debug|Any CPU.ActiveCfg = Debug|Any CPU
		{DC288F1F-D81E-4983-81EB-37F88F1630C1}.Debug|Any CPU.Build.0 = Debug|Any CPU
		{DC288F1F-D81E-4983-81EB-37F88F1630C1}.Release|Any CPU.ActiveCfg = Release|Any CPU
		{DC288F1F-D81E-4983-81EB-37F88F1630C1}.Release|Any CPU.Build.0 = Release|Any CPU
		{95560B01-3C65-4FEC-80E0-88C8A3EA7397}.Debug|Any CPU.ActiveCfg = Debug|Any CPU
		{95560B01-3C65-4FEC-80E0-88C8A3EA7397}.Debug|Any CPU.Build.0 = Debug|Any CPU
		{95560B01-3C65-4FEC-80E0-88C8A3EA7397}.Release|Any CPU.ActiveCfg = Release|Any CPU
		{95560B01-3C65-4FEC-80E0-88C8A3EA7397}.Release|Any CPU.Build.0 = Release|Any CPU
		{FA1ED94F-1935-4206-9F35-E4B519345A2F}.Debug|Any CPU.ActiveCfg = Debug|Any CPU
		{FA1ED94F-1935-4206-9F35-E4B519345A2F}.Debug|Any CPU.Build.0 = Debug|Any CPU
		{FA1ED94F-1935-4206-9F35-E4B519345A2F}.Release|Any CPU.ActiveCfg = Release|Any CPU
		{FA1ED94F-1935-4206-9F35-E4B519345A2F}.Release|Any CPU.Build.0 = Release|Any CPU
		{11F9ABA5-F6FB-4F59-B9F7-808EF8E77F08}.Debug|Any CPU.ActiveCfg = Debug|Any CPU
		{11F9ABA5-F6FB-4F59-B9F7-808EF8E77F08}.Debug|Any CPU.Build.0 = Debug|Any CPU
		{11F9ABA5-F6FB-4F59-B9F7-808EF8E77F08}.Release|Any CPU.ActiveCfg = Release|Any CPU
		{11F9ABA5-F6FB-4F59-B9F7-808EF8E77F08}.Release|Any CPU.Build.0 = Release|Any CPU
		{94E50689-4D3B-4733-AA47-DA58F4BF93B7}.Debug|Any CPU.ActiveCfg = Debug|Any CPU
		{94E50689-4D3B-4733-AA47-DA58F4BF93B7}.Debug|Any CPU.Build.0 = Debug|Any CPU
		{94E50689-4D3B-4733-AA47-DA58F4BF93B7}.Release|Any CPU.ActiveCfg = Release|Any CPU
		{94E50689-4D3B-4733-AA47-DA58F4BF93B7}.Release|Any CPU.Build.0 = Release|Any CPU
		{2A079B52-D3CA-4D22-8E05-35304DBC6EBD}.Debug|Any CPU.ActiveCfg = Debug|Any CPU
		{2A079B52-D3CA-4D22-8E05-35304DBC6EBD}.Debug|Any CPU.Build.0 = Debug|Any CPU
		{2A079B52-D3CA-4D22-8E05-35304DBC6EBD}.Release|Any CPU.ActiveCfg = Release|Any CPU
		{2A079B52-D3CA-4D22-8E05-35304DBC6EBD}.Release|Any CPU.Build.0 = Release|Any CPU
		{7C766D7C-876E-4513-9406-74B3A5CF2589}.Debug|Any CPU.ActiveCfg = Debug|Any CPU
		{7C766D7C-876E-4513-9406-74B3A5CF2589}.Debug|Any CPU.Build.0 = Debug|Any CPU
		{7C766D7C-876E-4513-9406-74B3A5CF2589}.Release|Any CPU.ActiveCfg = Release|Any CPU
		{7C766D7C-876E-4513-9406-74B3A5CF2589}.Release|Any CPU.Build.0 = Release|Any CPU
		{A03468F2-A289-499E-A0F2-8B99AFBD2639}.Debug|Any CPU.ActiveCfg = Debug|Any CPU
		{A03468F2-A289-499E-A0F2-8B99AFBD2639}.Debug|Any CPU.Build.0 = Debug|Any CPU
		{A03468F2-A289-499E-A0F2-8B99AFBD2639}.Release|Any CPU.ActiveCfg = Release|Any CPU
		{A03468F2-A289-499E-A0F2-8B99AFBD2639}.Release|Any CPU.Build.0 = Release|Any CPU
		{CE920F47-2562-40FA-B4AD-CA3ADCF28E1C}.Debug|Any CPU.ActiveCfg = Debug|Any CPU
		{CE920F47-2562-40FA-B4AD-CA3ADCF28E1C}.Debug|Any CPU.Build.0 = Debug|Any CPU
		{CE920F47-2562-40FA-B4AD-CA3ADCF28E1C}.Release|Any CPU.ActiveCfg = Release|Any CPU
		{CE920F47-2562-40FA-B4AD-CA3ADCF28E1C}.Release|Any CPU.Build.0 = Release|Any CPU
		{1C9657E7-A2D2-40BE-994E-BF73C9E88A3C}.Debug|Any CPU.ActiveCfg = Debug|Any CPU
		{1C9657E7-A2D2-40BE-994E-BF73C9E88A3C}.Debug|Any CPU.Build.0 = Debug|Any CPU
		{1C9657E7-A2D2-40BE-994E-BF73C9E88A3C}.Release|Any CPU.ActiveCfg = Release|Any CPU
		{1C9657E7-A2D2-40BE-994E-BF73C9E88A3C}.Release|Any CPU.Build.0 = Release|Any CPU
		{16248EAD-5645-4D40-A05B-1FBBC263050B}.Debug|Any CPU.ActiveCfg = Debug|Any CPU
		{16248EAD-5645-4D40-A05B-1FBBC263050B}.Debug|Any CPU.Build.0 = Debug|Any CPU
		{16248EAD-5645-4D40-A05B-1FBBC263050B}.Release|Any CPU.ActiveCfg = Release|Any CPU
		{16248EAD-5645-4D40-A05B-1FBBC263050B}.Release|Any CPU.Build.0 = Release|Any CPU
		{2C2FE858-8DD1-4519-9DBA-9AEFFA598A21}.Debug|Any CPU.ActiveCfg = Debug|Any CPU
		{2C2FE858-8DD1-4519-9DBA-9AEFFA598A21}.Debug|Any CPU.Build.0 = Debug|Any CPU
		{2C2FE858-8DD1-4519-9DBA-9AEFFA598A21}.Release|Any CPU.ActiveCfg = Release|Any CPU
		{2C2FE858-8DD1-4519-9DBA-9AEFFA598A21}.Release|Any CPU.Build.0 = Release|Any CPU
		{35122A8E-B6BC-4811-9F72-4384DAF643FE}.Debug|Any CPU.ActiveCfg = Debug|Any CPU
		{35122A8E-B6BC-4811-9F72-4384DAF643FE}.Debug|Any CPU.Build.0 = Debug|Any CPU
		{35122A8E-B6BC-4811-9F72-4384DAF643FE}.Release|Any CPU.ActiveCfg = Release|Any CPU
		{35122A8E-B6BC-4811-9F72-4384DAF643FE}.Release|Any CPU.Build.0 = Release|Any CPU
		{C35AE89A-4613-41CE-B7AB-4E5AF0ECE831}.Debug|Any CPU.ActiveCfg = Debug|Any CPU
		{C35AE89A-4613-41CE-B7AB-4E5AF0ECE831}.Debug|Any CPU.Build.0 = Debug|Any CPU
		{C35AE89A-4613-41CE-B7AB-4E5AF0ECE831}.Release|Any CPU.ActiveCfg = Release|Any CPU
		{C35AE89A-4613-41CE-B7AB-4E5AF0ECE831}.Release|Any CPU.Build.0 = Release|Any CPU
		{7EC041AF-220E-47B4-AB8C-A0BF51343D7A}.Debug|Any CPU.ActiveCfg = Debug|Any CPU
		{7EC041AF-220E-47B4-AB8C-A0BF51343D7A}.Debug|Any CPU.Build.0 = Debug|Any CPU
		{7EC041AF-220E-47B4-AB8C-A0BF51343D7A}.Release|Any CPU.ActiveCfg = Release|Any CPU
		{7EC041AF-220E-47B4-AB8C-A0BF51343D7A}.Release|Any CPU.Build.0 = Release|Any CPU
		{BAE61D8A-C556-4496-A600-A21E06A9C726}.Debug|Any CPU.ActiveCfg = Debug|Any CPU
		{BAE61D8A-C556-4496-A600-A21E06A9C726}.Debug|Any CPU.Build.0 = Debug|Any CPU
		{BAE61D8A-C556-4496-A600-A21E06A9C726}.Release|Any CPU.ActiveCfg = Release|Any CPU
		{BAE61D8A-C556-4496-A600-A21E06A9C726}.Release|Any CPU.Build.0 = Release|Any CPU
		{57897849-AE44-4CE2-820C-A71C3AEB4C60}.Debug|Any CPU.ActiveCfg = Debug|Any CPU
		{57897849-AE44-4CE2-820C-A71C3AEB4C60}.Debug|Any CPU.Build.0 = Debug|Any CPU
		{57897849-AE44-4CE2-820C-A71C3AEB4C60}.Release|Any CPU.ActiveCfg = Release|Any CPU
		{57897849-AE44-4CE2-820C-A71C3AEB4C60}.Release|Any CPU.Build.0 = Release|Any CPU
		{DD3FB3B0-B65D-4AC7-8CC4-AE4EDF600877}.Debug|Any CPU.ActiveCfg = Debug|Any CPU
		{DD3FB3B0-B65D-4AC7-8CC4-AE4EDF600877}.Debug|Any CPU.Build.0 = Debug|Any CPU
		{DD3FB3B0-B65D-4AC7-8CC4-AE4EDF600877}.Release|Any CPU.ActiveCfg = Release|Any CPU
		{DD3FB3B0-B65D-4AC7-8CC4-AE4EDF600877}.Release|Any CPU.Build.0 = Release|Any CPU
		{04142B49-2F7A-4E05-8A00-93092BE23A8A}.Debug|Any CPU.ActiveCfg = Debug|Any CPU
		{04142B49-2F7A-4E05-8A00-93092BE23A8A}.Debug|Any CPU.Build.0 = Debug|Any CPU
		{04142B49-2F7A-4E05-8A00-93092BE23A8A}.Release|Any CPU.ActiveCfg = Release|Any CPU
		{04142B49-2F7A-4E05-8A00-93092BE23A8A}.Release|Any CPU.Build.0 = Release|Any CPU
		{D9A3901F-838E-4643-87C6-4DCE455320E9}.Debug|Any CPU.ActiveCfg = Debug|Any CPU
		{D9A3901F-838E-4643-87C6-4DCE455320E9}.Debug|Any CPU.Build.0 = Debug|Any CPU
		{D9A3901F-838E-4643-87C6-4DCE455320E9}.Release|Any CPU.ActiveCfg = Release|Any CPU
		{D9A3901F-838E-4643-87C6-4DCE455320E9}.Release|Any CPU.Build.0 = Release|Any CPU
	EndGlobalSection
	GlobalSection(SolutionProperties) = preSolution
		HideSolutionNode = FALSE
	EndGlobalSection
	GlobalSection(NestedProjects) = preSolution
		{2170BD93-2350-414A-BA0F-BE1E71ABFF68} = {A0D0611E-1591-41C1-BD4D-80AE8F7D20C2}
		{4206BB4D-29BA-45C0-BCE8-F7B1F6184989} = {70B7271F-E447-43C5-BAA8-589464D1D8BF}
		{55F4587F-152D-45C2-8F42-24AE7E88FFEB} = {70B7271F-E447-43C5-BAA8-589464D1D8BF}
		{DE6C6BB3-63E4-4904-A353-F0E583F85C8A} = {2170BD93-2350-414A-BA0F-BE1E71ABFF68}
		{E2FAE5BB-E1CC-4239-B24D-A49B44FD437F} = {2170BD93-2350-414A-BA0F-BE1E71ABFF68}
		{D4533C80-F32C-4FB1-9C00-0E0A59DFB89C} = {2170BD93-2350-414A-BA0F-BE1E71ABFF68}
		{AAFDA732-2E98-4609-909E-CACC8C08B39B} = {2170BD93-2350-414A-BA0F-BE1E71ABFF68}
		{F6876FD6-3B1B-42BD-BBBE-72A323AA8AC5} = {2170BD93-2350-414A-BA0F-BE1E71ABFF68}
		{B0650E6B-7E57-4F3B-A191-2DB96FD18CBC} = {2170BD93-2350-414A-BA0F-BE1E71ABFF68}
		{FB376C89-20B2-48DA-A1FA-0FB32A19C7A7} = {2170BD93-2350-414A-BA0F-BE1E71ABFF68}
		{E696D0DA-1912-4B16-8EAA-0630B6E68ED1} = {2170BD93-2350-414A-BA0F-BE1E71ABFF68}
		{5B84DD62-897C-44BA-B77D-F6886AAE2287} = {049DA5C5-28A5-44E0-B156-4549F8DF4519}
		{AC87E521-246E-4728-B817-429ADEA26750} = {049DA5C5-28A5-44E0-B156-4549F8DF4519}
		{AB33FC76-30D6-4643-B050-0DA4659A0FAE} = {049DA5C5-28A5-44E0-B156-4549F8DF4519}
		{D438EEE8-977F-43E7-AB25-D9DBC3CA9C1C} = {2170BD93-2350-414A-BA0F-BE1E71ABFF68}
		{F7D5063F-C475-4E04-86CF-6587011F5088} = {2170BD93-2350-414A-BA0F-BE1E71ABFF68}
		{C6D7D663-25AF-4100-89B2-EF744CC9D74F} = {A0D0611E-1591-41C1-BD4D-80AE8F7D20C2}
		{408DEE35-1005-4801-AB93-92EC3B43B811} = {C6D7D663-25AF-4100-89B2-EF744CC9D74F}
		{045DD284-A355-475C-A2E1-704343E5B655} = {C6D7D663-25AF-4100-89B2-EF744CC9D74F}
		{299233AF-1D32-4F03-BD61-2CF239162775} = {4FBB8EA4-A1F9-48AA-A693-382664D2C1E3}
		{25FE8E17-075E-435A-B472-7B56890A1DE5} = {2170BD93-2350-414A-BA0F-BE1E71ABFF68}
		{3A26B12F-36D2-4821-A1CB-ABF9771F812A} = {2170BD93-2350-414A-BA0F-BE1E71ABFF68}
		{DC288F1F-D81E-4983-81EB-37F88F1630C1} = {2170BD93-2350-414A-BA0F-BE1E71ABFF68}
		{95560B01-3C65-4FEC-80E0-88C8A3EA7397} = {2170BD93-2350-414A-BA0F-BE1E71ABFF68}
		{FA1ED94F-1935-4206-9F35-E4B519345A2F} = {C6D7D663-25AF-4100-89B2-EF744CC9D74F}
		{11F9ABA5-F6FB-4F59-B9F7-808EF8E77F08} = {2170BD93-2350-414A-BA0F-BE1E71ABFF68}
		{94E50689-4D3B-4733-AA47-DA58F4BF93B7} = {4FBB8EA4-A1F9-48AA-A693-382664D2C1E3}
		{2A079B52-D3CA-4D22-8E05-35304DBC6EBD} = {4FBB8EA4-A1F9-48AA-A693-382664D2C1E3}
		{A03468F2-A289-499E-A0F2-8B99AFBD2639} = {2170BD93-2350-414A-BA0F-BE1E71ABFF68}
		{CE920F47-2562-40FA-B4AD-CA3ADCF28E1C} = {2170BD93-2350-414A-BA0F-BE1E71ABFF68}
		{1C9657E7-A2D2-40BE-994E-BF73C9E88A3C} = {2170BD93-2350-414A-BA0F-BE1E71ABFF68}
		{16248EAD-5645-4D40-A05B-1FBBC263050B} = {2170BD93-2350-414A-BA0F-BE1E71ABFF68}
		{2C2FE858-8DD1-4519-9DBA-9AEFFA598A21} = {2170BD93-2350-414A-BA0F-BE1E71ABFF68}
		{35122A8E-B6BC-4811-9F72-4384DAF643FE} = {2170BD93-2350-414A-BA0F-BE1E71ABFF68}
		{C35AE89A-4613-41CE-B7AB-4E5AF0ECE831} = {2170BD93-2350-414A-BA0F-BE1E71ABFF68}
		{7EC041AF-220E-47B4-AB8C-A0BF51343D7A} = {2170BD93-2350-414A-BA0F-BE1E71ABFF68}
		{BAE61D8A-C556-4496-A600-A21E06A9C726} = {2170BD93-2350-414A-BA0F-BE1E71ABFF68}
		{57897849-AE44-4CE2-820C-A71C3AEB4C60} = {2170BD93-2350-414A-BA0F-BE1E71ABFF68}
		{57BF47DA-3EAF-43CD-9BDD-23677707E9FD} = {A0D0611E-1591-41C1-BD4D-80AE8F7D20C2}
		{DD3FB3B0-B65D-4AC7-8CC4-AE4EDF600877} = {57BF47DA-3EAF-43CD-9BDD-23677707E9FD}
		{04142B49-2F7A-4E05-8A00-93092BE23A8A} = {57BF47DA-3EAF-43CD-9BDD-23677707E9FD}
		{D9A3901F-838E-4643-87C6-4DCE455320E9} = {57BF47DA-3EAF-43CD-9BDD-23677707E9FD}
	EndGlobalSection
	GlobalSection(ExtensibilityGlobals) = postSolution
		SolutionGuid = {C032A5FB-7757-4E89-86BE-9C6CE6CAD014}
	EndGlobalSection
EndGlobal
